// !$*UTF8*$!
{
	archiveVersion = 1;
	classes = {
	};
	objectVersion = 70;
	objects = {

/* Begin PBXBuildFile section */
		951D1A652B32675F00171C62 /* Auth in Frameworks */ = {isa = PBXBuildFile; productRef = 951D1A642B32675F00171C62 /* Auth */; };
		951D1A672B32675F00171C62 /* Functions in Frameworks */ = {isa = PBXBuildFile; productRef = 951D1A662B32675F00171C62 /* Functions */; };
		951D1A692B32675F00171C62 /* PostgREST in Frameworks */ = {isa = PBXBuildFile; productRef = 951D1A682B32675F00171C62 /* PostgREST */; };
		951D1A6B2B32675F00171C62 /* Realtime in Frameworks */ = {isa = PBXBuildFile; productRef = 951D1A6A2B32675F00171C62 /* Realtime */; };
		951D1A6D2B32675F00171C62 /* Storage in Frameworks */ = {isa = PBXBuildFile; productRef = 951D1A6C2B32675F00171C62 /* Storage */; };
		951D1A6F2B32675F00171C62 /* Supabase in Frameworks */ = {isa = PBXBuildFile; productRef = 951D1A6E2B32675F00171C62 /* Supabase */; };
		951D1A712B326F1000171C62 /* Supabase.swift in Sources */ = {isa = PBXBuildFile; fileRef = 951D1A702B326F1000171C62 /* Supabase.swift */; };
		952825B42AE1F74D0032B04B /* AppDelegate.swift in Sources */ = {isa = PBXBuildFile; fileRef = 952825B32AE1F74D0032B04B /* AppDelegate.swift */; };
		952825B62AE1F74D0032B04B /* SceneDelegate.swift in Sources */ = {isa = PBXBuildFile; fileRef = 952825B52AE1F74D0032B04B /* SceneDelegate.swift */; };
		952825B82AE1F74D0032B04B /* LoginViewController.swift in Sources */ = {isa = PBXBuildFile; fileRef = 952825B72AE1F74D0032B04B /* LoginViewController.swift */; };
		952825BE2AE1F74D0032B04B /* runwithfriends.xcdatamodeld in Sources */ = {isa = PBXBuildFile; fileRef = 952825BC2AE1F74D0032B04B /* runwithfriends.xcdatamodeld */; };
		952825C02AE1F74E0032B04B /* Assets.xcassets in Resources */ = {isa = PBXBuildFile; fileRef = 952825BF2AE1F74E0032B04B /* Assets.xcassets */; };
		952825C32AE1F74E0032B04B /* LaunchScreen.storyboard in Resources */ = {isa = PBXBuildFile; fileRef = 952825C12AE1F74E0032B04B /* LaunchScreen.storyboard */; };
		9536C16F2AF9ADA100263871 /* UserData.swift in Sources */ = {isa = PBXBuildFile; fileRef = 9536C16E2AF9ADA100263871 /* UserData.swift */; };
		953D209D2B7D973500A32185 /* ViewController.swift in Sources */ = {isa = PBXBuildFile; fileRef = 953D209C2B7D973500A32185 /* ViewController.swift */; };
		95457DFC2AF8C31400E4414C /* ProfileViewController.swift in Sources */ = {isa = PBXBuildFile; fileRef = 95457DFB2AF8C31400E4414C /* ProfileViewController.swift */; };
		9557F76C2B350794002CAE30 /* AlertController.swift in Sources */ = {isa = PBXBuildFile; fileRef = 9557F76B2B350794002CAE30 /* AlertController.swift */; };
		9557F7702B35706D002CAE30 /* User.swift in Sources */ = {isa = PBXBuildFile; fileRef = 9557F76F2B35706D002CAE30 /* User.swift */; };
		95659B8E2AEF1FA4008D7BA8 /* Labels.swift in Sources */ = {isa = PBXBuildFile; fileRef = 95659B8D2AEF1FA4008D7BA8 /* Labels.swift */; };
		95813B622BB4E76400B12525 /* NYCMarathon.gpx in Resources */ = {isa = PBXBuildFile; fileRef = 95813B612BB4E76400B12525 /* NYCMarathon.gpx */; };
		95877BC32B042F7500A81839 /* Cell.swift in Sources */ = {isa = PBXBuildFile; fileRef = 95877BC22B042F7500A81839 /* Cell.swift */; };
		95966EB42AF329450086DABB /* TabViewController.swift in Sources */ = {isa = PBXBuildFile; fileRef = 95966EB32AF329450086DABB /* TabViewController.swift */; };
		95A42DED2D93D7C7001022DE /* BerlinMarathon.gpx in Resources */ = {isa = PBXBuildFile; fileRef = 95A42DEC2D93D7C7001022DE /* BerlinMarathon.gpx */; };
		95A42DFB2D93E488001022DE /* OkinawaMarathon.gpx in Resources */ = {isa = PBXBuildFile; fileRef = 95A42DF62D93E488001022DE /* OkinawaMarathon.gpx */; };
		95A42DFC2D93E488001022DE /* RoundAucklandMarathon.gpx in Resources */ = {isa = PBXBuildFile; fileRef = 95A42DF72D93E488001022DE /* RoundAucklandMarathon.gpx */; };
		95A42DFE2D93E488001022DE /* CalaisMarathon.gpx in Resources */ = {isa = PBXBuildFile; fileRef = 95A42DF12D93E488001022DE /* CalaisMarathon.gpx */; };
		95A42DFF2D93E488001022DE /* AthensMarathon.gpx in Resources */ = {isa = PBXBuildFile; fileRef = 95A42DEF2D93E488001022DE /* AthensMarathon.gpx */; };
		95A42E002D93E488001022DE /* GreatOceanRoadMarathon.gpx in Resources */ = {isa = PBXBuildFile; fileRef = 95A42DF42D93E488001022DE /* GreatOceanRoadMarathon.gpx */; };
		95A42E012D93E488001022DE /* BostonMarathon.gpx in Resources */ = {isa = PBXBuildFile; fileRef = 95A42DF02D93E488001022DE /* BostonMarathon.gpx */; };
		95A42E022D93E488001022DE /* FuerteMarathon.gpx in Resources */ = {isa = PBXBuildFile; fileRef = 95A42DF32D93E488001022DE /* FuerteMarathon.gpx */; };
		95A42E032D93E488001022DE /* KaunasMarathon.gpx in Resources */ = {isa = PBXBuildFile; fileRef = 95A42DF52D93E488001022DE /* KaunasMarathon.gpx */; };
		95A42E042D93E488001022DE /* VeniceMarathon.gpx in Resources */ = {isa = PBXBuildFile; fileRef = 95A42DF92D93E488001022DE /* VeniceMarathon.gpx */; };
		95A4D56D2B900D6100FF7D38 /* UIApplication.swift in Sources */ = {isa = PBXBuildFile; fileRef = 95A4D56C2B900D6100FF7D38 /* UIApplication.swift */; };
		95AC65852B021CE50084FF15 /* EmojiAnnotation.swift in Sources */ = {isa = PBXBuildFile; fileRef = 95AC65842B021CE50084FF15 /* EmojiAnnotation.swift */; };
		95AC658B2B0227860084FF15 /* UIView.swift in Sources */ = {isa = PBXBuildFile; fileRef = 95AC658A2B0227860084FF15 /* UIView.swift */; };
		95AD49302D95261800EC03D5 /* Marathon.swift in Sources */ = {isa = PBXBuildFile; fileRef = 95AD492F2D95261800EC03D5 /* Marathon.swift */; };
		95B8E3392BAC6450003AB055 /* ParseGPX.swift in Sources */ = {isa = PBXBuildFile; fileRef = 95B8E3382BAC6450003AB055 /* ParseGPX.swift */; };
		95BC85312B0ECA9E00DD81BB /* NavigationController.swift in Sources */ = {isa = PBXBuildFile; fileRef = 95BC85302B0ECA9E00DD81BB /* NavigationController.swift */; };
		95D16BCD2AFCCA9300AF3B89 /* Prefixes.swift in Sources */ = {isa = PBXBuildFile; fileRef = 95D16BCC2AFCCA9300AF3B89 /* Prefixes.swift */; };
		95DBAC512BA18186002037F1 /* CommunityViewController.swift in Sources */ = {isa = PBXBuildFile; fileRef = 95DBAC502BA18186002037F1 /* CommunityViewController.swift */; };
		95F85B4F2B71AAEC005A705A /* README.md in Resources */ = {isa = PBXBuildFile; fileRef = 95F85B4E2B71AAEC005A705A /* README.md */; };
		95FF666A2DA0C57F002BD296 /* FollowViewController.swift in Sources */ = {isa = PBXBuildFile; fileRef = 95FF66692DA0C57F002BD296 /* FollowViewController.swift */; };
		95FF68382DA5240B002BD296 /* FollowCell.swift in Sources */ = {isa = PBXBuildFile; fileRef = 95FF68372DA5240B002BD296 /* FollowCell.swift */; };
		A51A55912D8BB32500D5D818 /* SharedCode.framework in Frameworks */ = {isa = PBXBuildFile; fileRef = A51A557C2D8BB32500D5D818 /* SharedCode.framework */; };
		A51A55922D8BB32500D5D818 /* SharedCode.framework in Embed Frameworks */ = {isa = PBXBuildFile; fileRef = A51A557C2D8BB32500D5D818 /* SharedCode.framework */; settings = {ATTRIBUTES = (CodeSignOnCopy, RemoveHeadersOnCopy, ); }; };
		A531425E2D826F3100382837 /* PeaMapView.swift in Sources */ = {isa = PBXBuildFile; fileRef = A531425D2D826F3100382837 /* PeaMapView.swift */; };
		A53142602D827C3A00382837 /* PathSearch.swift in Sources */ = {isa = PBXBuildFile; fileRef = A531425F2D827C3A00382837 /* PathSearch.swift */; };
		A5347F6A2DDAB81B00C18880 /* GraphViewController.swift in Sources */ = {isa = PBXBuildFile; fileRef = A5347F692DDAB81B00C18880 /* GraphViewController.swift */; };
		A534E20C2DDC55D0006B866D /* GraphMachine.swift in Sources */ = {isa = PBXBuildFile; fileRef = A534E20B2DDC55D0006B866D /* GraphMachine.swift */; };
		A534E20E2DDC57C0006B866D /* StepsGraph.swift in Sources */ = {isa = PBXBuildFile; fileRef = A534E20D2DDC57C0006B866D /* StepsGraph.swift */; };
		A54818662DBB382500B3DA98 /* VenturaMarathon.gpx in Resources */ = {isa = PBXBuildFile; fileRef = A54818622DBB382500B3DA98 /* VenturaMarathon.gpx */; };
		A548186C2DBB382500B3DA98 /* BhutanMarathon.gpx in Resources */ = {isa = PBXBuildFile; fileRef = A548184E2DBB382500B3DA98 /* BhutanMarathon.gpx */; };
		A54818772DBB382500B3DA98 /* TucsonMarathon.gpx in Resources */ = {isa = PBXBuildFile; fileRef = A54818602DBB382500B3DA98 /* TucsonMarathon.gpx */; };
		A54818782DBB382500B3DA98 /* VancouverMarathon.gpx in Resources */ = {isa = PBXBuildFile; fileRef = A54818612DBB382500B3DA98 /* VancouverMarathon.gpx */; };
		A554512B2DE69441007AA65A /* UserProfileViewController.swift in Sources */ = {isa = PBXBuildFile; fileRef = A554512A2DE69441007AA65A /* UserProfileViewController.swift */; };
		A56A44AA2E0A4B4000B4C40B /* SwissAlpineMarathon.gpx in Resources */ = {isa = PBXBuildFile; fileRef = A56A44A92E0A4B4000B4C40B /* SwissAlpineMarathon.gpx */; };
		A56A44AC2E0A4FD700B4C40B /* CoastToCoastMarathon.gpx in Resources */ = {isa = PBXBuildFile; fileRef = A56A44AB2E0A4FD700B4C40B /* CoastToCoastMarathon.gpx */; };
		A56A44C12E0A4FE200B4C40B /* SnowdoniaMarathon.gpx in Resources */ = {isa = PBXBuildFile; fileRef = A56A44BC2E0A4FE200B4C40B /* SnowdoniaMarathon.gpx */; };
		A56A44C22E0A4FE200B4C40B /* VerbierMarathon.gpx in Resources */ = {isa = PBXBuildFile; fileRef = A56A44C02E0A4FE200B4C40B /* VerbierMarathon.gpx */; };
		A56A44C32E0A4FE200B4C40B /* MusselburghMarathon.gpx in Resources */ = {isa = PBXBuildFile; fileRef = A56A44BB2E0A4FE200B4C40B /* MusselburghMarathon.gpx */; };
		A56A44C42E0A4FE200B4C40B /* BakewellMarathon.gpx in Resources */ = {isa = PBXBuildFile; fileRef = A56A44AE2E0A4FE200B4C40B /* BakewellMarathon.gpx */; };
		A56A44C62E0A4FE200B4C40B /* BrightonBeachMarathon.gpx in Resources */ = {isa = PBXBuildFile; fileRef = A56A44B22E0A4FE200B4C40B /* BrightonBeachMarathon.gpx */; };
		A56A44C72E0A4FE200B4C40B /* BarburyCastleMarathon.gpx in Resources */ = {isa = PBXBuildFile; fileRef = A56A44AF2E0A4FE200B4C40B /* BarburyCastleMarathon.gpx */; };
		A56A44C82E0A4FE200B4C40B /* BielsaMarathon.gpx in Resources */ = {isa = PBXBuildFile; fileRef = A56A44B12E0A4FE200B4C40B /* BielsaMarathon.gpx */; };
		A56A44C92E0A4FE200B4C40B /* ManchesterMarathon.gpx in Resources */ = {isa = PBXBuildFile; fileRef = A56A44B82E0A4FE200B4C40B /* ManchesterMarathon.gpx */; };
		A56A44CA2E0A4FE200B4C40B /* LightUpTheLakesMarathon.gpx in Resources */ = {isa = PBXBuildFile; fileRef = A56A44B62E0A4FE200B4C40B /* LightUpTheLakesMarathon.gpx */; };
		A56A44CB2E0A4FE200B4C40B /* TorontoMarathon.gpx in Resources */ = {isa = PBXBuildFile; fileRef = A56A44BE2E0A4FE200B4C40B /* TorontoMarathon.gpx */; };
		A56A44CC2E0A4FE200B4C40B /* KinsolTrestleMarathon.gpx in Resources */ = {isa = PBXBuildFile; fileRef = A56A44B52E0A4FE200B4C40B /* KinsolTrestleMarathon.gpx */; };
		A56A44CD2E0A4FE200B4C40B /* LongfordMarathon.gpx in Resources */ = {isa = PBXBuildFile; fileRef = A56A44B72E0A4FE200B4C40B /* LongfordMarathon.gpx */; };
		A56A44CE2E0A4FE200B4C40B /* AachenMarathon.gpx in Resources */ = {isa = PBXBuildFile; fileRef = A56A44AD2E0A4FE200B4C40B /* AachenMarathon.gpx */; };
		A56A44CF2E0A4FE200B4C40B /* DurhamMarathon.gpx in Resources */ = {isa = PBXBuildFile; fileRef = A56A44B32E0A4FE200B4C40B /* DurhamMarathon.gpx */; };
		A56A44D02E0A4FE200B4C40B /* BerryfieldsMarathon.gpx in Resources */ = {isa = PBXBuildFile; fileRef = A56A44B02E0A4FE200B4C40B /* BerryfieldsMarathon.gpx */; };
		A56A44D12E0A4FE200B4C40B /* MudMountainMarathon.gpx in Resources */ = {isa = PBXBuildFile; fileRef = A56A44BA2E0A4FE200B4C40B /* MudMountainMarathon.gpx */; };
		A56A44D22E0A4FE200B4C40B /* ToledoMarathon.gpx in Resources */ = {isa = PBXBuildFile; fileRef = A56A44BD2E0A4FE200B4C40B /* ToledoMarathon.gpx */; };
		A56A44D32E0A4FE200B4C40B /* TregastelMarathon.gpx in Resources */ = {isa = PBXBuildFile; fileRef = A56A44BF2E0A4FE200B4C40B /* TregastelMarathon.gpx */; };
		A56A44D42E0A4FE200B4C40B /* ManitouMarathon.gpx in Resources */ = {isa = PBXBuildFile; fileRef = A56A44B92E0A4FE200B4C40B /* ManitouMarathon.gpx */; };
		A56EB6852E12199A00CB8B2C /* OnboardingViewController.swift in Sources */ = {isa = PBXBuildFile; fileRef = A56EB6842E12199A00CB8B2C /* OnboardingViewController.swift */; };
		A5A1ACA72DE06067004D86A2 /* PulsingDot.swift in Sources */ = {isa = PBXBuildFile; fileRef = A5A1ACA62DE06067004D86A2 /* PulsingDot.swift */; };
		A5A1ACA92DE06089004D86A2 /* ToggleHeader.swift in Sources */ = {isa = PBXBuildFile; fileRef = A5A1ACA82DE06089004D86A2 /* ToggleHeader.swift */; };
		A5A1AD112DE3F34C004D86A2 /* WeekStepsChart.swift in Sources */ = {isa = PBXBuildFile; fileRef = A5A1AD102DE3F34C004D86A2 /* WeekStepsChart.swift */; };
		A5A1AD132DE3F359004D86A2 /* DayStepsChart.swift in Sources */ = {isa = PBXBuildFile; fileRef = A5A1AD122DE3F359004D86A2 /* DayStepsChart.swift */; };
		A5A4442F2D5B1CE8003F632A /* StepCounter.swift in Sources */ = {isa = PBXBuildFile; fileRef = A5A4442E2D5B1CE8003F632A /* StepCounter.swift */; };
		A5C5100E2DEFD42D0033C160 /* SandmanMarathon.gpx in Resources */ = {isa = PBXBuildFile; fileRef = A5C5100D2DEFD42D0033C160 /* SandmanMarathon.gpx */; };
		A5C5100F2DEFD42D0033C160 /* BuckeyeMarathon.gpx in Resources */ = {isa = PBXBuildFile; fileRef = A5C510092DEFD42D0033C160 /* BuckeyeMarathon.gpx */; };
		A5C510102DEFD42D0033C160 /* HaydenLakeMarathon.gpx in Resources */ = {isa = PBXBuildFile; fileRef = A5C5100B2DEFD42D0033C160 /* HaydenLakeMarathon.gpx */; };
		A5C510112DEFD42D0033C160 /* CapePeninsulaMarathon.gpx in Resources */ = {isa = PBXBuildFile; fileRef = A5C5100A2DEFD42D0033C160 /* CapePeninsulaMarathon.gpx */; };
		A5C510122DEFD42D0033C160 /* HollandHavenMarathon.gpx in Resources */ = {isa = PBXBuildFile; fileRef = A5C5100C2DEFD42D0033C160 /* HollandHavenMarathon.gpx */; };
		A5C510132DEFD42D0033C160 /* BellinghamBayMarathon.gpx in Resources */ = {isa = PBXBuildFile; fileRef = A5C510082DEFD42D0033C160 /* BellinghamBayMarathon.gpx */; };
		A5C510142DEFD42D0033C160 /* BeaconsMarathon.gpx in Resources */ = {isa = PBXBuildFile; fileRef = A5C510072DEFD42D0033C160 /* BeaconsMarathon.gpx */; };
		A5E394D92D67FC13009BBC93 /* KeychainManager.swift in Sources */ = {isa = PBXBuildFile; fileRef = A5E394D82D67FC13009BBC93 /* KeychainManager.swift */; };
		A5E394F42D6C0F40009BBC93 /* Supabase in Frameworks */ = {isa = PBXBuildFile; productRef = A5E394F32D6C0F40009BBC93 /* Supabase */; };
		A5E917212D5058470060DD48 /* WidgetKit.framework in Frameworks */ = {isa = PBXBuildFile; fileRef = A5E917202D5058470060DD48 /* WidgetKit.framework */; };
		A5E917232D5058470060DD48 /* SwiftUI.framework in Frameworks */ = {isa = PBXBuildFile; fileRef = A5E917222D5058470060DD48 /* SwiftUI.framework */; };
		A5E917342D5058480060DD48 /* Pea WidgetExtension.appex in Embed Foundation Extensions */ = {isa = PBXBuildFile; fileRef = A5E9171F2D5058470060DD48 /* Pea WidgetExtension.appex */; settings = {ATTRIBUTES = (RemoveHeadersOnCopy, ); }; };
/* End PBXBuildFile section */

/* Begin PBXContainerItemProxy section */
		A51A558F2D8BB32500D5D818 /* PBXContainerItemProxy */ = {
			isa = PBXContainerItemProxy;
			containerPortal = 952825A82AE1F74D0032B04B /* Project object */;
			proxyType = 1;
			remoteGlobalIDString = A51A557B2D8BB32500D5D818;
			remoteInfo = SharedCode;
		};
		A5E917322D5058480060DD48 /* PBXContainerItemProxy */ = {
			isa = PBXContainerItemProxy;
			containerPortal = 952825A82AE1F74D0032B04B /* Project object */;
			proxyType = 1;
			remoteGlobalIDString = A5E9171E2D5058470060DD48;
			remoteInfo = "Pea WidgetExtension";
		};
/* End PBXContainerItemProxy section */

/* Begin PBXCopyFilesBuildPhase section */
		A51A55972D8BB32500D5D818 /* Embed Frameworks */ = {
			isa = PBXCopyFilesBuildPhase;
			buildActionMask = 2147483647;
			dstPath = "";
			dstSubfolderSpec = 10;
			files = (
				A51A55922D8BB32500D5D818 /* SharedCode.framework in Embed Frameworks */,
			);
			name = "Embed Frameworks";
			runOnlyForDeploymentPostprocessing = 0;
		};
		A5E917352D5058480060DD48 /* Embed Foundation Extensions */ = {
			isa = PBXCopyFilesBuildPhase;
			buildActionMask = 2147483647;
			dstPath = "";
			dstSubfolderSpec = 13;
			files = (
				A5E917342D5058480060DD48 /* Pea WidgetExtension.appex in Embed Foundation Extensions */,
			);
			name = "Embed Foundation Extensions";
			runOnlyForDeploymentPostprocessing = 0;
		};
/* End PBXCopyFilesBuildPhase section */

/* Begin PBXFileReference section */
		951D1A702B326F1000171C62 /* Supabase.swift */ = {isa = PBXFileReference; lastKnownFileType = sourcecode.swift; path = Supabase.swift; sourceTree = "<group>"; };
		952825B02AE1F74D0032B04B /* runwithfriends.app */ = {isa = PBXFileReference; explicitFileType = wrapper.application; includeInIndex = 0; path = runwithfriends.app; sourceTree = BUILT_PRODUCTS_DIR; };
		952825B32AE1F74D0032B04B /* AppDelegate.swift */ = {isa = PBXFileReference; lastKnownFileType = sourcecode.swift; path = AppDelegate.swift; sourceTree = "<group>"; };
		952825B52AE1F74D0032B04B /* SceneDelegate.swift */ = {isa = PBXFileReference; lastKnownFileType = sourcecode.swift; path = SceneDelegate.swift; sourceTree = "<group>"; };
		952825B72AE1F74D0032B04B /* LoginViewController.swift */ = {isa = PBXFileReference; lastKnownFileType = sourcecode.swift; path = LoginViewController.swift; sourceTree = "<group>"; };
		952825BD2AE1F74D0032B04B /* runwithfriends.xcdatamodel */ = {isa = PBXFileReference; lastKnownFileType = wrapper.xcdatamodel; path = runwithfriends.xcdatamodel; sourceTree = "<group>"; };
		952825BF2AE1F74E0032B04B /* Assets.xcassets */ = {isa = PBXFileReference; lastKnownFileType = folder.assetcatalog; path = Assets.xcassets; sourceTree = "<group>"; };
		952825C22AE1F74E0032B04B /* Base */ = {isa = PBXFileReference; lastKnownFileType = file.storyboard; name = Base; path = Base.lproj/LaunchScreen.storyboard; sourceTree = "<group>"; };
		952825C42AE1F74E0032B04B /* Info.plist */ = {isa = PBXFileReference; lastKnownFileType = text.plist.xml; path = Info.plist; sourceTree = "<group>"; };
		9536C16E2AF9ADA100263871 /* UserData.swift */ = {isa = PBXFileReference; lastKnownFileType = sourcecode.swift; path = UserData.swift; sourceTree = "<group>"; };
		953D209C2B7D973500A32185 /* ViewController.swift */ = {isa = PBXFileReference; lastKnownFileType = sourcecode.swift; path = ViewController.swift; sourceTree = "<group>"; };
		95457DFB2AF8C31400E4414C /* ProfileViewController.swift */ = {isa = PBXFileReference; lastKnownFileType = sourcecode.swift; path = ProfileViewController.swift; sourceTree = "<group>"; };
		9557F76B2B350794002CAE30 /* AlertController.swift */ = {isa = PBXFileReference; lastKnownFileType = sourcecode.swift; path = AlertController.swift; sourceTree = "<group>"; };
		9557F76F2B35706D002CAE30 /* User.swift */ = {isa = PBXFileReference; lastKnownFileType = sourcecode.swift; path = User.swift; sourceTree = "<group>"; };
		95659B8D2AEF1FA4008D7BA8 /* Labels.swift */ = {isa = PBXFileReference; lastKnownFileType = sourcecode.swift; path = Labels.swift; sourceTree = "<group>"; };
		95813B612BB4E76400B12525 /* NYCMarathon.gpx */ = {isa = PBXFileReference; fileEncoding = 4; lastKnownFileType = text.xml; path = NYCMarathon.gpx; sourceTree = "<group>"; };
		95877BC22B042F7500A81839 /* Cell.swift */ = {isa = PBXFileReference; lastKnownFileType = sourcecode.swift; path = Cell.swift; sourceTree = "<group>"; };
		95966EB32AF329450086DABB /* TabViewController.swift */ = {isa = PBXFileReference; lastKnownFileType = sourcecode.swift; path = TabViewController.swift; sourceTree = "<group>"; };
		95A42DEC2D93D7C7001022DE /* BerlinMarathon.gpx */ = {isa = PBXFileReference; lastKnownFileType = text.xml; path = BerlinMarathon.gpx; sourceTree = "<group>"; };
		95A42DEF2D93E488001022DE /* AthensMarathon.gpx */ = {isa = PBXFileReference; lastKnownFileType = text.xml; path = AthensMarathon.gpx; sourceTree = "<group>"; };
		95A42DF02D93E488001022DE /* BostonMarathon.gpx */ = {isa = PBXFileReference; lastKnownFileType = text.xml; path = BostonMarathon.gpx; sourceTree = "<group>"; };
		95A42DF12D93E488001022DE /* CalaisMarathon.gpx */ = {isa = PBXFileReference; lastKnownFileType = text.xml; path = CalaisMarathon.gpx; sourceTree = "<group>"; };
		95A42DF32D93E488001022DE /* FuerteMarathon.gpx */ = {isa = PBXFileReference; lastKnownFileType = text.xml; path = FuerteMarathon.gpx; sourceTree = "<group>"; };
		95A42DF42D93E488001022DE /* GreatOceanRoadMarathon.gpx */ = {isa = PBXFileReference; lastKnownFileType = text.xml; path = GreatOceanRoadMarathon.gpx; sourceTree = "<group>"; };
		95A42DF52D93E488001022DE /* KaunasMarathon.gpx */ = {isa = PBXFileReference; lastKnownFileType = text.xml; path = KaunasMarathon.gpx; sourceTree = "<group>"; };
		95A42DF62D93E488001022DE /* OkinawaMarathon.gpx */ = {isa = PBXFileReference; lastKnownFileType = text.xml; path = OkinawaMarathon.gpx; sourceTree = "<group>"; };
		95A42DF72D93E488001022DE /* RoundAucklandMarathon.gpx */ = {isa = PBXFileReference; lastKnownFileType = text.xml; path = RoundAucklandMarathon.gpx; sourceTree = "<group>"; };
		95A42DF92D93E488001022DE /* VeniceMarathon.gpx */ = {isa = PBXFileReference; lastKnownFileType = text.xml; path = VeniceMarathon.gpx; sourceTree = "<group>"; };
		95A4D56C2B900D6100FF7D38 /* UIApplication.swift */ = {isa = PBXFileReference; lastKnownFileType = sourcecode.swift; path = UIApplication.swift; sourceTree = "<group>"; };
		95AC65842B021CE50084FF15 /* EmojiAnnotation.swift */ = {isa = PBXFileReference; lastKnownFileType = sourcecode.swift; name = EmojiAnnotation.swift; path = ../../Runs/WaitingRoom/EmojiAnnotation.swift; sourceTree = "<group>"; };
		95AC658A2B0227860084FF15 /* UIView.swift */ = {isa = PBXFileReference; lastKnownFileType = sourcecode.swift; path = UIView.swift; sourceTree = "<group>"; };
		95AD492F2D95261800EC03D5 /* Marathon.swift */ = {isa = PBXFileReference; lastKnownFileType = sourcecode.swift; path = Marathon.swift; sourceTree = "<group>"; };
		95B8E3382BAC6450003AB055 /* ParseGPX.swift */ = {isa = PBXFileReference; lastKnownFileType = sourcecode.swift; name = ParseGPX.swift; path = ../ParseGPX.swift; sourceTree = "<group>"; };
		95BC85302B0ECA9E00DD81BB /* NavigationController.swift */ = {isa = PBXFileReference; lastKnownFileType = sourcecode.swift; path = NavigationController.swift; sourceTree = "<group>"; };
		95D16BCC2AFCCA9300AF3B89 /* Prefixes.swift */ = {isa = PBXFileReference; lastKnownFileType = sourcecode.swift; path = Prefixes.swift; sourceTree = "<group>"; };
		95DBAC502BA18186002037F1 /* CommunityViewController.swift */ = {isa = PBXFileReference; lastKnownFileType = sourcecode.swift; name = CommunityViewController.swift; path = ../CommunityViewController.swift; sourceTree = "<group>"; };
		95F85B4E2B71AAEC005A705A /* README.md */ = {isa = PBXFileReference; lastKnownFileType = net.daringfireball.markdown; path = README.md; sourceTree = "<group>"; };
		95F961CE2AE7418400D4AA30 /* runwithfriends.entitlements */ = {isa = PBXFileReference; lastKnownFileType = text.plist.entitlements; path = runwithfriends.entitlements; sourceTree = "<group>"; };
		95FF66692DA0C57F002BD296 /* FollowViewController.swift */ = {isa = PBXFileReference; lastKnownFileType = sourcecode.swift; path = FollowViewController.swift; sourceTree = "<group>"; };
		95FF68372DA5240B002BD296 /* FollowCell.swift */ = {isa = PBXFileReference; lastKnownFileType = sourcecode.swift; path = FollowCell.swift; sourceTree = "<group>"; };
		A51A557C2D8BB32500D5D818 /* SharedCode.framework */ = {isa = PBXFileReference; explicitFileType = wrapper.framework; includeInIndex = 0; path = SharedCode.framework; sourceTree = BUILT_PRODUCTS_DIR; };
		A531425D2D826F3100382837 /* PeaMapView.swift */ = {isa = PBXFileReference; lastKnownFileType = sourcecode.swift; name = PeaMapView.swift; path = ../PeaMapView.swift; sourceTree = "<group>"; };
		A531425F2D827C3A00382837 /* PathSearch.swift */ = {isa = PBXFileReference; lastKnownFileType = sourcecode.swift; name = PathSearch.swift; path = ../PathSearch.swift; sourceTree = "<group>"; };
		A5347F692DDAB81B00C18880 /* GraphViewController.swift */ = {isa = PBXFileReference; lastKnownFileType = sourcecode.swift; path = GraphViewController.swift; sourceTree = "<group>"; };
		A534E20B2DDC55D0006B866D /* GraphMachine.swift */ = {isa = PBXFileReference; lastKnownFileType = sourcecode.swift; path = GraphMachine.swift; sourceTree = "<group>"; };
		A534E20D2DDC57C0006B866D /* StepsGraph.swift */ = {isa = PBXFileReference; lastKnownFileType = sourcecode.swift; path = StepsGraph.swift; sourceTree = "<group>"; };
		A548184E2DBB382500B3DA98 /* BhutanMarathon.gpx */ = {isa = PBXFileReference; lastKnownFileType = text.xml; path = BhutanMarathon.gpx; sourceTree = "<group>"; };
		A54818602DBB382500B3DA98 /* TucsonMarathon.gpx */ = {isa = PBXFileReference; lastKnownFileType = text.xml; path = TucsonMarathon.gpx; sourceTree = "<group>"; };
		A54818612DBB382500B3DA98 /* VancouverMarathon.gpx */ = {isa = PBXFileReference; lastKnownFileType = text.xml; path = VancouverMarathon.gpx; sourceTree = "<group>"; };
		A54818622DBB382500B3DA98 /* VenturaMarathon.gpx */ = {isa = PBXFileReference; lastKnownFileType = text.xml; path = VenturaMarathon.gpx; sourceTree = "<group>"; };
		A554512A2DE69441007AA65A /* UserProfileViewController.swift */ = {isa = PBXFileReference; lastKnownFileType = sourcecode.swift; path = UserProfileViewController.swift; sourceTree = "<group>"; };
		A56A44A92E0A4B4000B4C40B /* SwissAlpineMarathon.gpx */ = {isa = PBXFileReference; lastKnownFileType = text.xml; path = SwissAlpineMarathon.gpx; sourceTree = "<group>"; };
		A56A44AB2E0A4FD700B4C40B /* CoastToCoastMarathon.gpx */ = {isa = PBXFileReference; lastKnownFileType = text.xml; path = CoastToCoastMarathon.gpx; sourceTree = "<group>"; };
		A56A44AD2E0A4FE200B4C40B /* AachenMarathon.gpx */ = {isa = PBXFileReference; lastKnownFileType = text.xml; path = AachenMarathon.gpx; sourceTree = "<group>"; };
		A56A44AE2E0A4FE200B4C40B /* BakewellMarathon.gpx */ = {isa = PBXFileReference; lastKnownFileType = text.xml; path = BakewellMarathon.gpx; sourceTree = "<group>"; };
		A56A44AF2E0A4FE200B4C40B /* BarburyCastleMarathon.gpx */ = {isa = PBXFileReference; lastKnownFileType = text.xml; path = BarburyCastleMarathon.gpx; sourceTree = "<group>"; };
		A56A44B02E0A4FE200B4C40B /* BerryfieldsMarathon.gpx */ = {isa = PBXFileReference; lastKnownFileType = text.xml; path = BerryfieldsMarathon.gpx; sourceTree = "<group>"; };
		A56A44B12E0A4FE200B4C40B /* BielsaMarathon.gpx */ = {isa = PBXFileReference; lastKnownFileType = text.xml; path = BielsaMarathon.gpx; sourceTree = "<group>"; };
		A56A44B22E0A4FE200B4C40B /* BrightonBeachMarathon.gpx */ = {isa = PBXFileReference; lastKnownFileType = text.xml; path = BrightonBeachMarathon.gpx; sourceTree = "<group>"; };
		A56A44B32E0A4FE200B4C40B /* DurhamMarathon.gpx */ = {isa = PBXFileReference; lastKnownFileType = text.xml; path = DurhamMarathon.gpx; sourceTree = "<group>"; };
		A56A44B52E0A4FE200B4C40B /* KinsolTrestleMarathon.gpx */ = {isa = PBXFileReference; lastKnownFileType = text.xml; path = KinsolTrestleMarathon.gpx; sourceTree = "<group>"; };
		A56A44B62E0A4FE200B4C40B /* LightUpTheLakesMarathon.gpx */ = {isa = PBXFileReference; lastKnownFileType = text.xml; path = LightUpTheLakesMarathon.gpx; sourceTree = "<group>"; };
		A56A44B72E0A4FE200B4C40B /* LongfordMarathon.gpx */ = {isa = PBXFileReference; lastKnownFileType = text.xml; path = LongfordMarathon.gpx; sourceTree = "<group>"; };
		A56A44B82E0A4FE200B4C40B /* ManchesterMarathon.gpx */ = {isa = PBXFileReference; lastKnownFileType = text.xml; path = ManchesterMarathon.gpx; sourceTree = "<group>"; };
		A56A44B92E0A4FE200B4C40B /* ManitouMarathon.gpx */ = {isa = PBXFileReference; lastKnownFileType = text.xml; path = ManitouMarathon.gpx; sourceTree = "<group>"; };
		A56A44BA2E0A4FE200B4C40B /* MudMountainMarathon.gpx */ = {isa = PBXFileReference; lastKnownFileType = text.xml; path = MudMountainMarathon.gpx; sourceTree = "<group>"; };
		A56A44BB2E0A4FE200B4C40B /* MusselburghMarathon.gpx */ = {isa = PBXFileReference; lastKnownFileType = text.xml; path = MusselburghMarathon.gpx; sourceTree = "<group>"; };
		A56A44BC2E0A4FE200B4C40B /* SnowdoniaMarathon.gpx */ = {isa = PBXFileReference; lastKnownFileType = text.xml; path = SnowdoniaMarathon.gpx; sourceTree = "<group>"; };
		A56A44BD2E0A4FE200B4C40B /* ToledoMarathon.gpx */ = {isa = PBXFileReference; lastKnownFileType = text.xml; path = ToledoMarathon.gpx; sourceTree = "<group>"; };
		A56A44BE2E0A4FE200B4C40B /* TorontoMarathon.gpx */ = {isa = PBXFileReference; lastKnownFileType = text.xml; path = TorontoMarathon.gpx; sourceTree = "<group>"; };
		A56A44BF2E0A4FE200B4C40B /* TregastelMarathon.gpx */ = {isa = PBXFileReference; lastKnownFileType = text.xml; path = TregastelMarathon.gpx; sourceTree = "<group>"; };
		A56A44C02E0A4FE200B4C40B /* VerbierMarathon.gpx */ = {isa = PBXFileReference; lastKnownFileType = text.xml; path = VerbierMarathon.gpx; sourceTree = "<group>"; };
		A56EB6842E12199A00CB8B2C /* OnboardingViewController.swift */ = {isa = PBXFileReference; lastKnownFileType = sourcecode.swift; path = OnboardingViewController.swift; sourceTree = "<group>"; };
		A5A1ACA62DE06067004D86A2 /* PulsingDot.swift */ = {isa = PBXFileReference; lastKnownFileType = sourcecode.swift; path = PulsingDot.swift; sourceTree = "<group>"; };
		A5A1ACA82DE06089004D86A2 /* ToggleHeader.swift */ = {isa = PBXFileReference; lastKnownFileType = sourcecode.swift; path = ToggleHeader.swift; sourceTree = "<group>"; };
		A5A1AD102DE3F34C004D86A2 /* WeekStepsChart.swift */ = {isa = PBXFileReference; lastKnownFileType = sourcecode.swift; path = WeekStepsChart.swift; sourceTree = "<group>"; };
		A5A1AD122DE3F359004D86A2 /* DayStepsChart.swift */ = {isa = PBXFileReference; lastKnownFileType = sourcecode.swift; path = DayStepsChart.swift; sourceTree = "<group>"; };
		A5A4442E2D5B1CE8003F632A /* StepCounter.swift */ = {isa = PBXFileReference; lastKnownFileType = sourcecode.swift; name = StepCounter.swift; path = ../StepCounter.swift; sourceTree = "<group>"; };
		A5C510072DEFD42D0033C160 /* BeaconsMarathon.gpx */ = {isa = PBXFileReference; lastKnownFileType = text.xml; path = BeaconsMarathon.gpx; sourceTree = "<group>"; };
		A5C510082DEFD42D0033C160 /* BellinghamBayMarathon.gpx */ = {isa = PBXFileReference; lastKnownFileType = text.xml; path = BellinghamBayMarathon.gpx; sourceTree = "<group>"; };
		A5C510092DEFD42D0033C160 /* BuckeyeMarathon.gpx */ = {isa = PBXFileReference; lastKnownFileType = text.xml; path = BuckeyeMarathon.gpx; sourceTree = "<group>"; };
		A5C5100A2DEFD42D0033C160 /* CapePeninsulaMarathon.gpx */ = {isa = PBXFileReference; lastKnownFileType = text.xml; path = CapePeninsulaMarathon.gpx; sourceTree = "<group>"; };
		A5C5100B2DEFD42D0033C160 /* HaydenLakeMarathon.gpx */ = {isa = PBXFileReference; lastKnownFileType = text.xml; path = HaydenLakeMarathon.gpx; sourceTree = "<group>"; };
		A5C5100C2DEFD42D0033C160 /* HollandHavenMarathon.gpx */ = {isa = PBXFileReference; lastKnownFileType = text.xml; path = HollandHavenMarathon.gpx; sourceTree = "<group>"; };
		A5C5100D2DEFD42D0033C160 /* SandmanMarathon.gpx */ = {isa = PBXFileReference; lastKnownFileType = text.xml; path = SandmanMarathon.gpx; sourceTree = "<group>"; };
		A5E394D82D67FC13009BBC93 /* KeychainManager.swift */ = {isa = PBXFileReference; lastKnownFileType = sourcecode.swift; path = KeychainManager.swift; sourceTree = "<group>"; };
		A5E5593E2D55A34100CF6245 /* Pea WidgetExtension.entitlements */ = {isa = PBXFileReference; lastKnownFileType = text.plist.entitlements; path = "Pea WidgetExtension.entitlements"; sourceTree = "<group>"; };
		A5E9171F2D5058470060DD48 /* Pea WidgetExtension.appex */ = {isa = PBXFileReference; explicitFileType = "wrapper.app-extension"; includeInIndex = 0; path = "Pea WidgetExtension.appex"; sourceTree = BUILT_PRODUCTS_DIR; };
		A5E917202D5058470060DD48 /* WidgetKit.framework */ = {isa = PBXFileReference; lastKnownFileType = wrapper.framework; name = WidgetKit.framework; path = System/Library/Frameworks/WidgetKit.framework; sourceTree = SDKROOT; };
		A5E917222D5058470060DD48 /* SwiftUI.framework */ = {isa = PBXFileReference; lastKnownFileType = wrapper.framework; name = SwiftUI.framework; path = System/Library/Frameworks/SwiftUI.framework; sourceTree = SDKROOT; };
/* End PBXFileReference section */

/* Begin PBXFileSystemSynchronizedBuildFileExceptionSet section */
		A51A55932D8BB32500D5D818 /* PBXFileSystemSynchronizedBuildFileExceptionSet */ = {
			isa = PBXFileSystemSynchronizedBuildFileExceptionSet;
			publicHeaders = (
				SharedCode.h,
			);
			target = A51A557B2D8BB32500D5D818 /* SharedCode */;
		};
		A5E917382D5058480060DD48 /* PBXFileSystemSynchronizedBuildFileExceptionSet */ = {
			isa = PBXFileSystemSynchronizedBuildFileExceptionSet;
			membershipExceptions = (
				Info.plist,
			);
			target = A5E9171E2D5058470060DD48 /* Pea WidgetExtension */;
		};
/* End PBXFileSystemSynchronizedBuildFileExceptionSet section */

/* Begin PBXFileSystemSynchronizedRootGroup section */
		A51A557D2D8BB32500D5D818 /* SharedCode */ = {isa = PBXFileSystemSynchronizedRootGroup; exceptions = (A51A55932D8BB32500D5D818 /* PBXFileSystemSynchronizedBuildFileExceptionSet */, ); explicitFileTypes = {}; explicitFolders = (); path = SharedCode; sourceTree = "<group>"; };
		A575E5382D939E030035ED9C /* Fonts */ = {isa = PBXFileSystemSynchronizedRootGroup; explicitFileTypes = {}; explicitFolders = (); path = Fonts; sourceTree = "<group>"; };
		A5E917242D5058470060DD48 /* Pea Widget */ = {isa = PBXFileSystemSynchronizedRootGroup; exceptions = (A5E917382D5058480060DD48 /* PBXFileSystemSynchronizedBuildFileExceptionSet */, ); explicitFileTypes = {}; explicitFolders = (); path = "Pea Widget"; sourceTree = "<group>"; };
/* End PBXFileSystemSynchronizedRootGroup section */

/* Begin PBXFrameworksBuildPhase section */
		952825AD2AE1F74D0032B04B /* Frameworks */ = {
			isa = PBXFrameworksBuildPhase;
			buildActionMask = 2147483647;
			files = (
				951D1A6F2B32675F00171C62 /* Supabase in Frameworks */,
				951D1A6D2B32675F00171C62 /* Storage in Frameworks */,
				951D1A692B32675F00171C62 /* PostgREST in Frameworks */,
				951D1A672B32675F00171C62 /* Functions in Frameworks */,
				951D1A652B32675F00171C62 /* Auth in Frameworks */,
				951D1A6B2B32675F00171C62 /* Realtime in Frameworks */,
				A51A55912D8BB32500D5D818 /* SharedCode.framework in Frameworks */,
			);
			runOnlyForDeploymentPostprocessing = 0;
		};
		A51A55792D8BB32500D5D818 /* Frameworks */ = {
			isa = PBXFrameworksBuildPhase;
			buildActionMask = 2147483647;
			files = (
			);
			runOnlyForDeploymentPostprocessing = 0;
		};
		A5E9171C2D5058470060DD48 /* Frameworks */ = {
			isa = PBXFrameworksBuildPhase;
			buildActionMask = 2147483647;
			files = (
				A5E917232D5058470060DD48 /* SwiftUI.framework in Frameworks */,
				A5E917212D5058470060DD48 /* WidgetKit.framework in Frameworks */,
				A5E394F42D6C0F40009BBC93 /* Supabase in Frameworks */,
			);
			runOnlyForDeploymentPostprocessing = 0;
		};
/* End PBXFrameworksBuildPhase section */

/* Begin PBXGroup section */
		25A8B3132B26EA03009502BA /* Frameworks */ = {
			isa = PBXGroup;
			children = (
				A5E917202D5058470060DD48 /* WidgetKit.framework */,
				A5E917222D5058470060DD48 /* SwiftUI.framework */,
			);
			name = Frameworks;
			sourceTree = "<group>";
		};
		951F42C72B1817E1004E2BEA /* Views */ = {
			isa = PBXGroup;
			children = (
				95659B8D2AEF1FA4008D7BA8 /* Labels.swift */,
				953D209C2B7D973500A32185 /* ViewController.swift */,
				95A4D56C2B900D6100FF7D38 /* UIApplication.swift */,
				95877BC22B042F7500A81839 /* Cell.swift */,
				95AC658A2B0227860084FF15 /* UIView.swift */,
				95BC85302B0ECA9E00DD81BB /* NavigationController.swift */,
				9557F76B2B350794002CAE30 /* AlertController.swift */,
			);
			path = Views;
			sourceTree = "<group>";
		};
		952825A72AE1F74D0032B04B = {
			isa = PBXGroup;
			children = (
				A5E5593E2D55A34100CF6245 /* Pea WidgetExtension.entitlements */,
				952825B22AE1F74D0032B04B /* runwithfriends */,
				A5E917242D5058470060DD48 /* Pea Widget */,
				A51A557D2D8BB32500D5D818 /* SharedCode */,
				952825B12AE1F74D0032B04B /* Products */,
				25A8B3132B26EA03009502BA /* Frameworks */,
			);
			sourceTree = "<group>";
		};
		952825B12AE1F74D0032B04B /* Products */ = {
			isa = PBXGroup;
			children = (
				952825B02AE1F74D0032B04B /* runwithfriends.app */,
				A5E9171F2D5058470060DD48 /* Pea WidgetExtension.appex */,
				A51A557C2D8BB32500D5D818 /* SharedCode.framework */,
			);
			name = Products;
			sourceTree = "<group>";
		};
		952825B22AE1F74D0032B04B /* runwithfriends */ = {
			isa = PBXGroup;
			children = (
				95F961CE2AE7418400D4AA30 /* runwithfriends.entitlements */,
				9536C1702AF9AED800263871 /* App */,
				A56EB6802E12198A00CB8B2C /* Onboarding */,
				9536C1712AF9AEE700263871 /* Login */,
				95DBAC4F2BA18175002037F1 /* Community */,
				A5347F682DDAB7E300C18880 /* Graph */,
				95457DFA2AF8C2F300E4414C /* Profile */,
				95659B8C2AEF1F9B008D7BA8 /* Extensions */,
				95D16BD22AFCD3C700AF3B89 /* AssetsCoreData */,
				952825C42AE1F74E0032B04B /* Info.plist */,
				95F85B4E2B71AAEC005A705A /* README.md */,
			);
			path = runwithfriends;
			sourceTree = "<group>";
		};
		9536C1702AF9AED800263871 /* App */ = {
			isa = PBXGroup;
			children = (
				952825B32AE1F74D0032B04B /* AppDelegate.swift */,
				952825B52AE1F74D0032B04B /* SceneDelegate.swift */,
				952825C12AE1F74E0032B04B /* LaunchScreen.storyboard */,
			);
			path = App;
			sourceTree = "<group>";
		};
		9536C1712AF9AEE700263871 /* Login */ = {
			isa = PBXGroup;
			children = (
				952825B72AE1F74D0032B04B /* LoginViewController.swift */,
				95966EB32AF329450086DABB /* TabViewController.swift */,
				9557F76F2B35706D002CAE30 /* User.swift */,
				9536C16E2AF9ADA100263871 /* UserData.swift */,
				95D16BCC2AFCCA9300AF3B89 /* Prefixes.swift */,
				951D1A702B326F1000171C62 /* Supabase.swift */,
				A5E394D82D67FC13009BBC93 /* KeychainManager.swift */,
			);
			path = Login;
			sourceTree = "<group>";
		};
		95457DFA2AF8C2F300E4414C /* Profile */ = {
			isa = PBXGroup;
			children = (
				95457DFB2AF8C31400E4414C /* ProfileViewController.swift */,
				A554512A2DE69441007AA65A /* UserProfileViewController.swift */,
				95FF66692DA0C57F002BD296 /* FollowViewController.swift */,
				95FF68372DA5240B002BD296 /* FollowCell.swift */,
			);
			path = Profile;
			sourceTree = "<group>";
		};
		95659B8C2AEF1F9B008D7BA8 /* Extensions */ = {
			isa = PBXGroup;
			children = (
				951F42C72B1817E1004E2BEA /* Views */,
			);
			path = Extensions;
			sourceTree = "<group>";
		};
		95A42DEE2D93E477001022DE /* Marathons */ = {
			isa = PBXGroup;
			children = (
				95813B612BB4E76400B12525 /* NYCMarathon.gpx */,
				95A42DEF2D93E488001022DE /* AthensMarathon.gpx */,
				95A42DF02D93E488001022DE /* BostonMarathon.gpx */,
				95A42DEC2D93D7C7001022DE /* BerlinMarathon.gpx */,
				95A42DF92D93E488001022DE /* VeniceMarathon.gpx */,
				95A42DF12D93E488001022DE /* CalaisMarathon.gpx */,
				95A42DF32D93E488001022DE /* FuerteMarathon.gpx */,
				95A42DF42D93E488001022DE /* GreatOceanRoadMarathon.gpx */,
				95A42DF52D93E488001022DE /* KaunasMarathon.gpx */,
				95A42DF62D93E488001022DE /* OkinawaMarathon.gpx */,
				95A42DF72D93E488001022DE /* RoundAucklandMarathon.gpx */,
				A548184E2DBB382500B3DA98 /* BhutanMarathon.gpx */,
				A54818602DBB382500B3DA98 /* TucsonMarathon.gpx */,
				A54818612DBB382500B3DA98 /* VancouverMarathon.gpx */,
				A54818622DBB382500B3DA98 /* VenturaMarathon.gpx */,
				A5C510072DEFD42D0033C160 /* BeaconsMarathon.gpx */,
				A5C510082DEFD42D0033C160 /* BellinghamBayMarathon.gpx */,
				A5C510092DEFD42D0033C160 /* BuckeyeMarathon.gpx */,
				A5C5100A2DEFD42D0033C160 /* CapePeninsulaMarathon.gpx */,
				A5C5100B2DEFD42D0033C160 /* HaydenLakeMarathon.gpx */,
				A5C5100C2DEFD42D0033C160 /* HollandHavenMarathon.gpx */,
				A5C5100D2DEFD42D0033C160 /* SandmanMarathon.gpx */,
				A56A44A92E0A4B4000B4C40B /* SwissAlpineMarathon.gpx */,
				A56A44AB2E0A4FD700B4C40B /* CoastToCoastMarathon.gpx */,
				A56A44AD2E0A4FE200B4C40B /* AachenMarathon.gpx */,
				A56A44AE2E0A4FE200B4C40B /* BakewellMarathon.gpx */,
				A56A44AF2E0A4FE200B4C40B /* BarburyCastleMarathon.gpx */,
				A56A44B02E0A4FE200B4C40B /* BerryfieldsMarathon.gpx */,
				A56A44B12E0A4FE200B4C40B /* BielsaMarathon.gpx */,
				A56A44B22E0A4FE200B4C40B /* BrightonBeachMarathon.gpx */,
				A56A44B32E0A4FE200B4C40B /* DurhamMarathon.gpx */,
				A56A44B52E0A4FE200B4C40B /* KinsolTrestleMarathon.gpx */,
				A56A44B62E0A4FE200B4C40B /* LightUpTheLakesMarathon.gpx */,
				A56A44B72E0A4FE200B4C40B /* LongfordMarathon.gpx */,
				A56A44B82E0A4FE200B4C40B /* ManchesterMarathon.gpx */,
				A56A44B92E0A4FE200B4C40B /* ManitouMarathon.gpx */,
				A56A44BA2E0A4FE200B4C40B /* MudMountainMarathon.gpx */,
				A56A44BB2E0A4FE200B4C40B /* MusselburghMarathon.gpx */,
				A56A44BC2E0A4FE200B4C40B /* SnowdoniaMarathon.gpx */,
				A56A44BD2E0A4FE200B4C40B /* ToledoMarathon.gpx */,
				A56A44BE2E0A4FE200B4C40B /* TorontoMarathon.gpx */,
				A56A44BF2E0A4FE200B4C40B /* TregastelMarathon.gpx */,
				A56A44C02E0A4FE200B4C40B /* VerbierMarathon.gpx */,
			);
			path = Marathons;
			sourceTree = "<group>";
		};
		95AD492E2D95260800EC03D5 /* Map */ = {
			isa = PBXGroup;
			children = (
				95DBAC502BA18186002037F1 /* CommunityViewController.swift */,
				A531425D2D826F3100382837 /* PeaMapView.swift */,
				95AD492F2D95261800EC03D5 /* Marathon.swift */,
				A531425F2D827C3A00382837 /* PathSearch.swift */,
				A5A4442E2D5B1CE8003F632A /* StepCounter.swift */,
				95AC65842B021CE50084FF15 /* EmojiAnnotation.swift */,
				95B8E3382BAC6450003AB055 /* ParseGPX.swift */,
			);
			path = Map;
			sourceTree = "<group>";
		};
		95D16BD22AFCD3C700AF3B89 /* AssetsCoreData */ = {
			isa = PBXGroup;
			children = (
				A575E5382D939E030035ED9C /* Fonts */,
				952825BC2AE1F74D0032B04B /* runwithfriends.xcdatamodeld */,
				952825BF2AE1F74E0032B04B /* Assets.xcassets */,
				95A42DEE2D93E477001022DE /* Marathons */,
			);
			path = AssetsCoreData;
			sourceTree = "<group>";
		};
		95DBAC4F2BA18175002037F1 /* Community */ = {
			isa = PBXGroup;
			children = (
				95AD492E2D95260800EC03D5 /* Map */,
			);
			path = Community;
			sourceTree = "<group>";
		};
		A5347F682DDAB7E300C18880 /* Graph */ = {
			isa = PBXGroup;
			children = (
				A5347F692DDAB81B00C18880 /* GraphViewController.swift */,
				A534E20B2DDC55D0006B866D /* GraphMachine.swift */,
				A534E20D2DDC57C0006B866D /* StepsGraph.swift */,
				A5A1AD102DE3F34C004D86A2 /* WeekStepsChart.swift */,
				A5A1AD122DE3F359004D86A2 /* DayStepsChart.swift */,
				A5A1ACA82DE06089004D86A2 /* ToggleHeader.swift */,
				A5A1ACA62DE06067004D86A2 /* PulsingDot.swift */,
			);
			path = Graph;
			sourceTree = "<group>";
		};
		A56EB6802E12198A00CB8B2C /* Onboarding */ = {
			isa = PBXGroup;
			children = (
				A56EB6842E12199A00CB8B2C /* OnboardingViewController.swift */,
			);
			path = Onboarding;
			sourceTree = "<group>";
		};
/* End PBXGroup section */

/* Begin PBXHeadersBuildPhase section */
		A51A55772D8BB32500D5D818 /* Headers */ = {
			isa = PBXHeadersBuildPhase;
			buildActionMask = 2147483647;
			files = (
			);
			runOnlyForDeploymentPostprocessing = 0;
		};
/* End PBXHeadersBuildPhase section */

/* Begin PBXNativeTarget section */
		952825AF2AE1F74D0032B04B /* runwithfriends */ = {
			isa = PBXNativeTarget;
			buildConfigurationList = 952825C72AE1F74E0032B04B /* Build configuration list for PBXNativeTarget "runwithfriends" */;
			buildPhases = (
				952825AC2AE1F74D0032B04B /* Sources */,
				952825AD2AE1F74D0032B04B /* Frameworks */,
				952825AE2AE1F74D0032B04B /* Resources */,
				A5E917352D5058480060DD48 /* Embed Foundation Extensions */,
				A51A55972D8BB32500D5D818 /* Embed Frameworks */,
			);
			buildRules = (
			);
			dependencies = (
				A5E917332D5058480060DD48 /* PBXTargetDependency */,
				A51A55902D8BB32500D5D818 /* PBXTargetDependency */,
			);
			fileSystemSynchronizedGroups = (
				A575E5382D939E030035ED9C /* Fonts */,
			);
			name = runwithfriends;
			packageProductDependencies = (
				951D1A642B32675F00171C62 /* Auth */,
				951D1A662B32675F00171C62 /* Functions */,
				951D1A682B32675F00171C62 /* PostgREST */,
				951D1A6A2B32675F00171C62 /* Realtime */,
				951D1A6C2B32675F00171C62 /* Storage */,
				951D1A6E2B32675F00171C62 /* Supabase */,
			);
			productName = runwithfriends;
			productReference = 952825B02AE1F74D0032B04B /* runwithfriends.app */;
			productType = "com.apple.product-type.application";
		};
		A51A557B2D8BB32500D5D818 /* SharedCode */ = {
			isa = PBXNativeTarget;
			buildConfigurationList = A51A55942D8BB32500D5D818 /* Build configuration list for PBXNativeTarget "SharedCode" */;
			buildPhases = (
				A51A55772D8BB32500D5D818 /* Headers */,
				A51A55782D8BB32500D5D818 /* Sources */,
				A51A55792D8BB32500D5D818 /* Frameworks */,
				A51A557A2D8BB32500D5D818 /* Resources */,
			);
			buildRules = (
			);
			dependencies = (
			);
			fileSystemSynchronizedGroups = (
				A51A557D2D8BB32500D5D818 /* SharedCode */,
			);
			name = SharedCode;
			packageProductDependencies = (
			);
			productName = SharedCode;
			productReference = A51A557C2D8BB32500D5D818 /* SharedCode.framework */;
			productType = "com.apple.product-type.framework";
		};
		A5E9171E2D5058470060DD48 /* Pea WidgetExtension */ = {
			isa = PBXNativeTarget;
			buildConfigurationList = A5E917392D5058480060DD48 /* Build configuration list for PBXNativeTarget "Pea WidgetExtension" */;
			buildPhases = (
				A5E9171B2D5058470060DD48 /* Sources */,
				A5E9171C2D5058470060DD48 /* Frameworks */,
				A5E9171D2D5058470060DD48 /* Resources */,
			);
			buildRules = (
			);
			dependencies = (
			);
			fileSystemSynchronizedGroups = (
				A5E917242D5058470060DD48 /* Pea Widget */,
			);
			name = "Pea WidgetExtension";
			packageProductDependencies = (
				A5E394F32D6C0F40009BBC93 /* Supabase */,
			);
			productName = "Pea WidgetExtension";
			productReference = A5E9171F2D5058470060DD48 /* Pea WidgetExtension.appex */;
			productType = "com.apple.product-type.app-extension";
		};
/* End PBXNativeTarget section */

/* Begin PBXProject section */
		952825A82AE1F74D0032B04B /* Project object */ = {
			isa = PBXProject;
			attributes = {
				BuildIndependentTargetsInParallel = 1;
				LastSwiftUpdateCheck = 1610;
				LastUpgradeCheck = 1600;
				TargetAttributes = {
					952825AF2AE1F74D0032B04B = {
						CreatedOnToolsVersion = 15.0;
					};
					A51A557B2D8BB32500D5D818 = {
						CreatedOnToolsVersion = 16.1;
					};
					A5E9171E2D5058470060DD48 = {
						CreatedOnToolsVersion = 16.1;
					};
				};
			};
			buildConfigurationList = 952825AB2AE1F74D0032B04B /* Build configuration list for PBXProject "runwithfriends" */;
			compatibilityVersion = "Xcode 14.0";
			developmentRegion = en;
			hasScannedForEncodings = 0;
			knownRegions = (
				en,
				Base,
			);
			mainGroup = 952825A72AE1F74D0032B04B;
			packageReferences = (
				951D1A632B32675F00171C62 /* XCRemoteSwiftPackageReference "supabase-swift" */,
			);
			productRefGroup = 952825B12AE1F74D0032B04B /* Products */;
			projectDirPath = "";
			projectRoot = "";
			targets = (
				952825AF2AE1F74D0032B04B /* runwithfriends */,
				A5E9171E2D5058470060DD48 /* Pea WidgetExtension */,
				A51A557B2D8BB32500D5D818 /* SharedCode */,
			);
		};
/* End PBXProject section */

/* Begin PBXResourcesBuildPhase section */
		952825AE2AE1F74D0032B04B /* Resources */ = {
			isa = PBXResourcesBuildPhase;
			buildActionMask = 2147483647;
			files = (
				952825C32AE1F74E0032B04B /* LaunchScreen.storyboard in Resources */,
				A54818662DBB382500B3DA98 /* VenturaMarathon.gpx in Resources */,
				A548186C2DBB382500B3DA98 /* BhutanMarathon.gpx in Resources */,
				A54818772DBB382500B3DA98 /* TucsonMarathon.gpx in Resources */,
				A54818782DBB382500B3DA98 /* VancouverMarathon.gpx in Resources */,
				A5C5100E2DEFD42D0033C160 /* SandmanMarathon.gpx in Resources */,
				A5C5100F2DEFD42D0033C160 /* BuckeyeMarathon.gpx in Resources */,
				A5C510102DEFD42D0033C160 /* HaydenLakeMarathon.gpx in Resources */,
				A5C510112DEFD42D0033C160 /* CapePeninsulaMarathon.gpx in Resources */,
				A5C510122DEFD42D0033C160 /* HollandHavenMarathon.gpx in Resources */,
				A5C510132DEFD42D0033C160 /* BellinghamBayMarathon.gpx in Resources */,
				A56A44AC2E0A4FD700B4C40B /* CoastToCoastMarathon.gpx in Resources */,
				A5C510142DEFD42D0033C160 /* BeaconsMarathon.gpx in Resources */,
				95F85B4F2B71AAEC005A705A /* README.md in Resources */,
				95813B622BB4E76400B12525 /* NYCMarathon.gpx in Resources */,
				95A42DFB2D93E488001022DE /* OkinawaMarathon.gpx in Resources */,
				95A42DFC2D93E488001022DE /* RoundAucklandMarathon.gpx in Resources */,
				95A42DFE2D93E488001022DE /* CalaisMarathon.gpx in Resources */,
				95A42DFF2D93E488001022DE /* AthensMarathon.gpx in Resources */,
				A56A44AA2E0A4B4000B4C40B /* SwissAlpineMarathon.gpx in Resources */,
				95A42E002D93E488001022DE /* GreatOceanRoadMarathon.gpx in Resources */,
				95A42E012D93E488001022DE /* BostonMarathon.gpx in Resources */,
				95A42E022D93E488001022DE /* FuerteMarathon.gpx in Resources */,
				95A42E032D93E488001022DE /* KaunasMarathon.gpx in Resources */,
				95A42E042D93E488001022DE /* VeniceMarathon.gpx in Resources */,
				A56A44C12E0A4FE200B4C40B /* SnowdoniaMarathon.gpx in Resources */,
				A56A44C22E0A4FE200B4C40B /* VerbierMarathon.gpx in Resources */,
				A56A44C32E0A4FE200B4C40B /* MusselburghMarathon.gpx in Resources */,
				A56A44C42E0A4FE200B4C40B /* BakewellMarathon.gpx in Resources */,
				A56A44C62E0A4FE200B4C40B /* BrightonBeachMarathon.gpx in Resources */,
				A56A44C72E0A4FE200B4C40B /* BarburyCastleMarathon.gpx in Resources */,
				A56A44C82E0A4FE200B4C40B /* BielsaMarathon.gpx in Resources */,
				A56A44C92E0A4FE200B4C40B /* ManchesterMarathon.gpx in Resources */,
				A56A44CA2E0A4FE200B4C40B /* LightUpTheLakesMarathon.gpx in Resources */,
				A56A44CB2E0A4FE200B4C40B /* TorontoMarathon.gpx in Resources */,
				A56A44CC2E0A4FE200B4C40B /* KinsolTrestleMarathon.gpx in Resources */,
				A56A44CD2E0A4FE200B4C40B /* LongfordMarathon.gpx in Resources */,
				A56A44CE2E0A4FE200B4C40B /* AachenMarathon.gpx in Resources */,
				A56A44CF2E0A4FE200B4C40B /* DurhamMarathon.gpx in Resources */,
				A56A44D02E0A4FE200B4C40B /* BerryfieldsMarathon.gpx in Resources */,
				A56A44D12E0A4FE200B4C40B /* MudMountainMarathon.gpx in Resources */,
				A56A44D22E0A4FE200B4C40B /* ToledoMarathon.gpx in Resources */,
				A56A44D32E0A4FE200B4C40B /* TregastelMarathon.gpx in Resources */,
				A56A44D42E0A4FE200B4C40B /* ManitouMarathon.gpx in Resources */,
				95A42DED2D93D7C7001022DE /* BerlinMarathon.gpx in Resources */,
				952825C02AE1F74E0032B04B /* Assets.xcassets in Resources */,
			);
			runOnlyForDeploymentPostprocessing = 0;
		};
		A51A557A2D8BB32500D5D818 /* Resources */ = {
			isa = PBXResourcesBuildPhase;
			buildActionMask = 2147483647;
			files = (
			);
			runOnlyForDeploymentPostprocessing = 0;
		};
		A5E9171D2D5058470060DD48 /* Resources */ = {
			isa = PBXResourcesBuildPhase;
			buildActionMask = 2147483647;
			files = (
			);
			runOnlyForDeploymentPostprocessing = 0;
		};
/* End PBXResourcesBuildPhase section */

/* Begin PBXSourcesBuildPhase section */
		952825AC2AE1F74D0032B04B /* Sources */ = {
			isa = PBXSourcesBuildPhase;
			buildActionMask = 2147483647;
			files = (
				A56EB6852E12199A00CB8B2C /* OnboardingViewController.swift in Sources */,
				A534E20E2DDC57C0006B866D /* StepsGraph.swift in Sources */,
				95FF666A2DA0C57F002BD296 /* FollowViewController.swift in Sources */,
				952825B82AE1F74D0032B04B /* LoginViewController.swift in Sources */,
				951D1A712B326F1000171C62 /* Supabase.swift in Sources */,
				95659B8E2AEF1FA4008D7BA8 /* Labels.swift in Sources */,
				95AD49302D95261800EC03D5 /* Marathon.swift in Sources */,
				9557F7702B35706D002CAE30 /* User.swift in Sources */,
				95457DFC2AF8C31400E4414C /* ProfileViewController.swift in Sources */,
				A5A1ACA72DE06067004D86A2 /* PulsingDot.swift in Sources */,
				95A4D56D2B900D6100FF7D38 /* UIApplication.swift in Sources */,
				95966EB42AF329450086DABB /* TabViewController.swift in Sources */,
				9536C16F2AF9ADA100263871 /* UserData.swift in Sources */,
				95AC65852B021CE50084FF15 /* EmojiAnnotation.swift in Sources */,
				A53142602D827C3A00382837 /* PathSearch.swift in Sources */,
				95FF68382DA5240B002BD296 /* FollowCell.swift in Sources */,
				953D209D2B7D973500A32185 /* ViewController.swift in Sources */,
				A554512B2DE69441007AA65A /* UserProfileViewController.swift in Sources */,
				A531425E2D826F3100382837 /* PeaMapView.swift in Sources */,
				A534E20C2DDC55D0006B866D /* GraphMachine.swift in Sources */,
				95DBAC512BA18186002037F1 /* CommunityViewController.swift in Sources */,
				A5A4442F2D5B1CE8003F632A /* StepCounter.swift in Sources */,
				9557F76C2B350794002CAE30 /* AlertController.swift in Sources */,
				952825B42AE1F74D0032B04B /* AppDelegate.swift in Sources */,
				95B8E3392BAC6450003AB055 /* ParseGPX.swift in Sources */,
				A5A1AD112DE3F34C004D86A2 /* WeekStepsChart.swift in Sources */,
				952825B62AE1F74D0032B04B /* SceneDelegate.swift in Sources */,
				95BC85312B0ECA9E00DD81BB /* NavigationController.swift in Sources */,
				952825BE2AE1F74D0032B04B /* runwithfriends.xcdatamodeld in Sources */,
				A5E394D92D67FC13009BBC93 /* KeychainManager.swift in Sources */,
				95AC658B2B0227860084FF15 /* UIView.swift in Sources */,
				A5A1AD132DE3F359004D86A2 /* DayStepsChart.swift in Sources */,
				A5A1ACA92DE06089004D86A2 /* ToggleHeader.swift in Sources */,
				A5347F6A2DDAB81B00C18880 /* GraphViewController.swift in Sources */,
				95D16BCD2AFCCA9300AF3B89 /* Prefixes.swift in Sources */,
				95877BC32B042F7500A81839 /* Cell.swift in Sources */,
			);
			runOnlyForDeploymentPostprocessing = 0;
		};
		A51A55782D8BB32500D5D818 /* Sources */ = {
			isa = PBXSourcesBuildPhase;
			buildActionMask = 2147483647;
			files = (
			);
			runOnlyForDeploymentPostprocessing = 0;
		};
		A5E9171B2D5058470060DD48 /* Sources */ = {
			isa = PBXSourcesBuildPhase;
			buildActionMask = 2147483647;
			files = (
			);
			runOnlyForDeploymentPostprocessing = 0;
		};
/* End PBXSourcesBuildPhase section */

/* Begin PBXTargetDependency section */
		A51A55902D8BB32500D5D818 /* PBXTargetDependency */ = {
			isa = PBXTargetDependency;
			target = A51A557B2D8BB32500D5D818 /* SharedCode */;
			targetProxy = A51A558F2D8BB32500D5D818 /* PBXContainerItemProxy */;
		};
		A5E917332D5058480060DD48 /* PBXTargetDependency */ = {
			isa = PBXTargetDependency;
			target = A5E9171E2D5058470060DD48 /* Pea WidgetExtension */;
			targetProxy = A5E917322D5058480060DD48 /* PBXContainerItemProxy */;
		};
/* End PBXTargetDependency section */

/* Begin PBXVariantGroup section */
		952825C12AE1F74E0032B04B /* LaunchScreen.storyboard */ = {
			isa = PBXVariantGroup;
			children = (
				952825C22AE1F74E0032B04B /* Base */,
			);
			name = LaunchScreen.storyboard;
			sourceTree = "<group>";
		};
/* End PBXVariantGroup section */

/* Begin XCBuildConfiguration section */
		952825C52AE1F74E0032B04B /* Debug */ = {
			isa = XCBuildConfiguration;
			buildSettings = {
				ALWAYS_SEARCH_USER_PATHS = NO;
				ASSETCATALOG_COMPILER_GENERATE_SWIFT_ASSET_SYMBOL_EXTENSIONS = YES;
				CLANG_ANALYZER_NONNULL = YES;
				CLANG_ANALYZER_NUMBER_OBJECT_CONVERSION = YES_AGGRESSIVE;
				CLANG_CXX_LANGUAGE_STANDARD = "gnu++20";
				CLANG_ENABLE_MODULES = YES;
				CLANG_ENABLE_OBJC_ARC = YES;
				CLANG_ENABLE_OBJC_WEAK = YES;
				CLANG_WARN_BLOCK_CAPTURE_AUTORELEASING = YES;
				CLANG_WARN_BOOL_CONVERSION = YES;
				CLANG_WARN_COMMA = YES;
				CLANG_WARN_CONSTANT_CONVERSION = YES;
				CLANG_WARN_DEPRECATED_OBJC_IMPLEMENTATIONS = YES;
				CLANG_WARN_DIRECT_OBJC_ISA_USAGE = YES_ERROR;
				CLANG_WARN_DOCUMENTATION_COMMENTS = YES;
				CLANG_WARN_EMPTY_BODY = YES;
				CLANG_WARN_ENUM_CONVERSION = YES;
				CLANG_WARN_INFINITE_RECURSION = YES;
				CLANG_WARN_INT_CONVERSION = YES;
				CLANG_WARN_NON_LITERAL_NULL_CONVERSION = YES;
				CLANG_WARN_OBJC_IMPLICIT_RETAIN_SELF = YES;
				CLANG_WARN_OBJC_LITERAL_CONVERSION = YES;
				CLANG_WARN_OBJC_ROOT_CLASS = YES_ERROR;
				CLANG_WARN_QUOTED_INCLUDE_IN_FRAMEWORK_HEADER = YES;
				CLANG_WARN_RANGE_LOOP_ANALYSIS = YES;
				CLANG_WARN_STRICT_PROTOTYPES = YES;
				CLANG_WARN_SUSPICIOUS_MOVE = YES;
				CLANG_WARN_UNGUARDED_AVAILABILITY = YES_AGGRESSIVE;
				CLANG_WARN_UNREACHABLE_CODE = YES;
				CLANG_WARN__DUPLICATE_METHOD_MATCH = YES;
				COPY_PHASE_STRIP = NO;
				DEBUG_INFORMATION_FORMAT = dwarf;
				ENABLE_STRICT_OBJC_MSGSEND = YES;
				ENABLE_TESTABILITY = YES;
				ENABLE_USER_SCRIPT_SANDBOXING = YES;
				GCC_C_LANGUAGE_STANDARD = gnu17;
				GCC_DYNAMIC_NO_PIC = NO;
				GCC_NO_COMMON_BLOCKS = YES;
				GCC_OPTIMIZATION_LEVEL = 0;
				GCC_PREPROCESSOR_DEFINITIONS = (
					"DEBUG=1",
					"$(inherited)",
				);
				GCC_WARN_64_TO_32_BIT_CONVERSION = YES;
				GCC_WARN_ABOUT_RETURN_TYPE = YES_ERROR;
				GCC_WARN_UNDECLARED_SELECTOR = YES;
				GCC_WARN_UNINITIALIZED_AUTOS = YES_AGGRESSIVE;
				GCC_WARN_UNUSED_FUNCTION = YES;
				GCC_WARN_UNUSED_VARIABLE = YES;
				IPHONEOS_DEPLOYMENT_TARGET = 17.0;
				LOCALIZATION_PREFERS_STRING_CATALOGS = YES;
				MTL_ENABLE_DEBUG_INFO = INCLUDE_SOURCE;
				MTL_FAST_MATH = YES;
				ONLY_ACTIVE_ARCH = YES;
				SDKROOT = iphoneos;
				SWIFT_ACTIVE_COMPILATION_CONDITIONS = "DEBUG $(inherited)";
				SWIFT_OPTIMIZATION_LEVEL = "-Onone";
			};
			name = Debug;
		};
		952825C62AE1F74E0032B04B /* Release */ = {
			isa = XCBuildConfiguration;
			buildSettings = {
				ALWAYS_SEARCH_USER_PATHS = NO;
				ASSETCATALOG_COMPILER_GENERATE_SWIFT_ASSET_SYMBOL_EXTENSIONS = YES;
				CLANG_ANALYZER_NONNULL = YES;
				CLANG_ANALYZER_NUMBER_OBJECT_CONVERSION = YES_AGGRESSIVE;
				CLANG_CXX_LANGUAGE_STANDARD = "gnu++20";
				CLANG_ENABLE_MODULES = YES;
				CLANG_ENABLE_OBJC_ARC = YES;
				CLANG_ENABLE_OBJC_WEAK = YES;
				CLANG_WARN_BLOCK_CAPTURE_AUTORELEASING = YES;
				CLANG_WARN_BOOL_CONVERSION = YES;
				CLANG_WARN_COMMA = YES;
				CLANG_WARN_CONSTANT_CONVERSION = YES;
				CLANG_WARN_DEPRECATED_OBJC_IMPLEMENTATIONS = YES;
				CLANG_WARN_DIRECT_OBJC_ISA_USAGE = YES_ERROR;
				CLANG_WARN_DOCUMENTATION_COMMENTS = YES;
				CLANG_WARN_EMPTY_BODY = YES;
				CLANG_WARN_ENUM_CONVERSION = YES;
				CLANG_WARN_INFINITE_RECURSION = YES;
				CLANG_WARN_INT_CONVERSION = YES;
				CLANG_WARN_NON_LITERAL_NULL_CONVERSION = YES;
				CLANG_WARN_OBJC_IMPLICIT_RETAIN_SELF = YES;
				CLANG_WARN_OBJC_LITERAL_CONVERSION = YES;
				CLANG_WARN_OBJC_ROOT_CLASS = YES_ERROR;
				CLANG_WARN_QUOTED_INCLUDE_IN_FRAMEWORK_HEADER = YES;
				CLANG_WARN_RANGE_LOOP_ANALYSIS = YES;
				CLANG_WARN_STRICT_PROTOTYPES = YES;
				CLANG_WARN_SUSPICIOUS_MOVE = YES;
				CLANG_WARN_UNGUARDED_AVAILABILITY = YES_AGGRESSIVE;
				CLANG_WARN_UNREACHABLE_CODE = YES;
				CLANG_WARN__DUPLICATE_METHOD_MATCH = YES;
				COPY_PHASE_STRIP = NO;
				DEBUG_INFORMATION_FORMAT = "dwarf-with-dsym";
				ENABLE_NS_ASSERTIONS = NO;
				ENABLE_STRICT_OBJC_MSGSEND = YES;
				ENABLE_USER_SCRIPT_SANDBOXING = YES;
				GCC_C_LANGUAGE_STANDARD = gnu17;
				GCC_NO_COMMON_BLOCKS = YES;
				GCC_WARN_64_TO_32_BIT_CONVERSION = YES;
				GCC_WARN_ABOUT_RETURN_TYPE = YES_ERROR;
				GCC_WARN_UNDECLARED_SELECTOR = YES;
				GCC_WARN_UNINITIALIZED_AUTOS = YES_AGGRESSIVE;
				GCC_WARN_UNUSED_FUNCTION = YES;
				GCC_WARN_UNUSED_VARIABLE = YES;
				IPHONEOS_DEPLOYMENT_TARGET = 17.0;
				LOCALIZATION_PREFERS_STRING_CATALOGS = YES;
				MTL_ENABLE_DEBUG_INFO = NO;
				MTL_FAST_MATH = YES;
				SDKROOT = iphoneos;
				SWIFT_COMPILATION_MODE = wholemodule;
				VALIDATE_PRODUCT = YES;
			};
			name = Release;
		};
		952825C82AE1F74E0032B04B /* Debug */ = {
			isa = XCBuildConfiguration;
			buildSettings = {
				ASSETCATALOG_COMPILER_APPICON_NAME = AppIcon;
				ASSETCATALOG_COMPILER_GLOBAL_ACCENT_COLOR_NAME = Moss;
				ASSETCATALOG_COMPILER_INCLUDE_ALL_APPICON_ASSETS = NO;
				CODE_SIGN_ENTITLEMENTS = runwithfriends/runwithfriends.entitlements;
				CODE_SIGN_IDENTITY = "Apple Development";
				CODE_SIGN_STYLE = Automatic;
				CURRENT_PROJECT_VERSION = 77;
				DEVELOPMENT_TEAM = T4CL79J5Y8;
				GENERATE_INFOPLIST_FILE = YES;
				INFOPLIST_FILE = runwithfriends/Info.plist;
				INFOPLIST_KEY_CFBundleDisplayName = WalkingPeas;
				INFOPLIST_KEY_LSApplicationCategoryType = "public.app-category.healthcare-fitness";
				INFOPLIST_KEY_NSHealthClinicalHealthRecordsShareUsageDescription = "Using your health data";
				INFOPLIST_KEY_NSHealthShareUsageDescription = "Share your health data";
				INFOPLIST_KEY_NSHealthUpdateUsageDescription = "update health";
				INFOPLIST_KEY_NSMotionUsageDescription = "We need access to count your steps";
				INFOPLIST_KEY_UIApplicationSupportsIndirectInputEvents = YES;
				INFOPLIST_KEY_UILaunchStoryboardName = LaunchScreen.storyboard;
				INFOPLIST_KEY_UIStatusBarStyle = UIStatusBarStyleDarkContent;
				INFOPLIST_KEY_UISupportedInterfaceOrientations = UIInterfaceOrientationPortrait;
				INFOPLIST_KEY_UIUserInterfaceStyle = Light;
				IPHONEOS_DEPLOYMENT_TARGET = 17.0;
				LD_RUNPATH_SEARCH_PATHS = (
					"$(inherited)",
					"@executable_path/Frameworks",
				);
				MARKETING_VERSION = 1.0.2;
				PRODUCT_BUNDLE_IDENTIFIER = com.wholesomeapps.runwithfriends;
				PRODUCT_NAME = "$(TARGET_NAME)";
				PROVISIONING_PROFILE_SPECIFIER = "";
				SUPPORTED_PLATFORMS = "iphoneos iphonesimulator";
				SUPPORTS_MACCATALYST = NO;
				SUPPORTS_MAC_DESIGNED_FOR_IPHONE_IPAD = NO;
				SWIFT_EMIT_LOC_STRINGS = YES;
				SWIFT_VERSION = 5.0;
				TARGETED_DEVICE_FAMILY = 1;
			};
			name = Debug;
		};
		952825C92AE1F74E0032B04B /* Release */ = {
			isa = XCBuildConfiguration;
			buildSettings = {
				ASSETCATALOG_COMPILER_APPICON_NAME = AppIcon;
				ASSETCATALOG_COMPILER_GLOBAL_ACCENT_COLOR_NAME = Moss;
				ASSETCATALOG_COMPILER_INCLUDE_ALL_APPICON_ASSETS = NO;
				CODE_SIGN_ENTITLEMENTS = runwithfriends/runwithfriends.entitlements;
				CODE_SIGN_IDENTITY = "Apple Development";
				CODE_SIGN_STYLE = Automatic;
				CURRENT_PROJECT_VERSION = 77;
				DEVELOPMENT_TEAM = T4CL79J5Y8;
				GENERATE_INFOPLIST_FILE = YES;
				INFOPLIST_FILE = runwithfriends/Info.plist;
				INFOPLIST_KEY_CFBundleDisplayName = WalkingPeas;
				INFOPLIST_KEY_LSApplicationCategoryType = "public.app-category.healthcare-fitness";
				INFOPLIST_KEY_NSHealthClinicalHealthRecordsShareUsageDescription = "Using your health data";
				INFOPLIST_KEY_NSHealthShareUsageDescription = "Share your health data";
				INFOPLIST_KEY_NSHealthUpdateUsageDescription = "update health";
				INFOPLIST_KEY_NSMotionUsageDescription = "We need access to count your steps";
				INFOPLIST_KEY_UIApplicationSupportsIndirectInputEvents = YES;
				INFOPLIST_KEY_UILaunchStoryboardName = LaunchScreen.storyboard;
				INFOPLIST_KEY_UIStatusBarStyle = UIStatusBarStyleDarkContent;
				INFOPLIST_KEY_UISupportedInterfaceOrientations = UIInterfaceOrientationPortrait;
				INFOPLIST_KEY_UIUserInterfaceStyle = Light;
				IPHONEOS_DEPLOYMENT_TARGET = 17.0;
				LD_RUNPATH_SEARCH_PATHS = (
					"$(inherited)",
					"@executable_path/Frameworks",
				);
				MARKETING_VERSION = 1.0.2;
				PRODUCT_BUNDLE_IDENTIFIER = com.wholesomeapps.runwithfriends;
				PRODUCT_NAME = "$(TARGET_NAME)";
				PROVISIONING_PROFILE_SPECIFIER = "";
				SUPPORTED_PLATFORMS = "iphoneos iphonesimulator";
				SUPPORTS_MACCATALYST = NO;
				SUPPORTS_MAC_DESIGNED_FOR_IPHONE_IPAD = NO;
				SWIFT_EMIT_LOC_STRINGS = YES;
				SWIFT_VERSION = 5.0;
				TARGETED_DEVICE_FAMILY = 1;
			};
			name = Release;
		};
		A51A55952D8BB32500D5D818 /* Debug */ = {
			isa = XCBuildConfiguration;
			buildSettings = {
				BUILD_LIBRARY_FOR_DISTRIBUTION = YES;
				CODE_SIGN_IDENTITY = "";
				CODE_SIGN_STYLE = Automatic;
				CURRENT_PROJECT_VERSION = 1;
				DEFINES_MODULE = YES;
				DEVELOPMENT_TEAM = T4CL79J5Y8;
				DYLIB_COMPATIBILITY_VERSION = 1;
				DYLIB_CURRENT_VERSION = 1;
				DYLIB_INSTALL_NAME_BASE = "@rpath";
				ENABLE_MODULE_VERIFIER = YES;
				GENERATE_INFOPLIST_FILE = YES;
				INFOPLIST_KEY_NSHumanReadableCopyright = "";
				INSTALL_PATH = "$(LOCAL_LIBRARY_DIR)/Frameworks";
				IPHONEOS_DEPLOYMENT_TARGET = 17.0;
				LD_RUNPATH_SEARCH_PATHS = (
					"$(inherited)",
					"@executable_path/Frameworks",
					"@loader_path/Frameworks",
				);
				MARKETING_VERSION = 1.0;
				MODULE_VERIFIER_SUPPORTED_LANGUAGES = "objective-c objective-c++";
				MODULE_VERIFIER_SUPPORTED_LANGUAGE_STANDARDS = "gnu17 gnu++20";
				PRODUCT_BUNDLE_IDENTIFIER = com.wholesomeapps.SharedCode;
				PRODUCT_NAME = "$(TARGET_NAME:c99extidentifier)";
				SKIP_INSTALL = YES;
				SWIFT_EMIT_LOC_STRINGS = YES;
				SWIFT_INSTALL_OBJC_HEADER = NO;
				SWIFT_VERSION = 5.0;
				TARGETED_DEVICE_FAMILY = "1,2";
				VERSIONING_SYSTEM = "apple-generic";
				VERSION_INFO_PREFIX = "";
			};
			name = Debug;
		};
		A51A55962D8BB32500D5D818 /* Release */ = {
			isa = XCBuildConfiguration;
			buildSettings = {
				BUILD_LIBRARY_FOR_DISTRIBUTION = YES;
				CODE_SIGN_IDENTITY = "";
				CODE_SIGN_STYLE = Automatic;
				CURRENT_PROJECT_VERSION = 1;
				DEFINES_MODULE = YES;
				DEVELOPMENT_TEAM = T4CL79J5Y8;
				DYLIB_COMPATIBILITY_VERSION = 1;
				DYLIB_CURRENT_VERSION = 1;
				DYLIB_INSTALL_NAME_BASE = "@rpath";
				ENABLE_MODULE_VERIFIER = YES;
				GENERATE_INFOPLIST_FILE = YES;
				INFOPLIST_KEY_NSHumanReadableCopyright = "";
				INSTALL_PATH = "$(LOCAL_LIBRARY_DIR)/Frameworks";
				IPHONEOS_DEPLOYMENT_TARGET = 17.0;
				LD_RUNPATH_SEARCH_PATHS = (
					"$(inherited)",
					"@executable_path/Frameworks",
					"@loader_path/Frameworks",
				);
				MARKETING_VERSION = 1.0;
				MODULE_VERIFIER_SUPPORTED_LANGUAGES = "objective-c objective-c++";
				MODULE_VERIFIER_SUPPORTED_LANGUAGE_STANDARDS = "gnu17 gnu++20";
				PRODUCT_BUNDLE_IDENTIFIER = com.wholesomeapps.SharedCode;
				PRODUCT_NAME = "$(TARGET_NAME:c99extidentifier)";
				SKIP_INSTALL = YES;
				SWIFT_EMIT_LOC_STRINGS = YES;
				SWIFT_INSTALL_OBJC_HEADER = NO;
				SWIFT_VERSION = 5.0;
				TARGETED_DEVICE_FAMILY = "1,2";
				VERSIONING_SYSTEM = "apple-generic";
				VERSION_INFO_PREFIX = "";
			};
			name = Release;
		};
		A5E917362D5058480060DD48 /* Debug */ = {
			isa = XCBuildConfiguration;
			buildSettings = {
				ASSETCATALOG_COMPILER_GLOBAL_ACCENT_COLOR_NAME = AccentColor;
				ASSETCATALOG_COMPILER_WIDGET_BACKGROUND_COLOR_NAME = WidgetBackground;
				CODE_SIGN_ENTITLEMENTS = "Pea WidgetExtension.entitlements";
				CODE_SIGN_IDENTITY = "Apple Development";
				CODE_SIGN_STYLE = Automatic;
				CURRENT_PROJECT_VERSION = 77;
				DEVELOPMENT_TEAM = T4CL79J5Y8;
				GENERATE_INFOPLIST_FILE = YES;
				INFOPLIST_FILE = "Pea Widget/Info.plist";
				INFOPLIST_KEY_CFBundleDisplayName = "Pea Widget";
				INFOPLIST_KEY_NSHumanReadableCopyright = "";
				INFOPLIST_KEY_UIUserInterfaceStyle = Automatic;
				IPHONEOS_DEPLOYMENT_TARGET = 17.0;
				LD_RUNPATH_SEARCH_PATHS = (
					"$(inherited)",
					"@executable_path/Frameworks",
					"@executable_path/../../Frameworks",
				);
				MARKETING_VERSION = 1.0.2;
				PRODUCT_BUNDLE_IDENTIFIER = "com.wholesomeapps.runwithfriends.Pea-Widget";
				PRODUCT_NAME = "$(TARGET_NAME)";
				SKIP_INSTALL = YES;
				SWIFT_EMIT_LOC_STRINGS = YES;
				SWIFT_VERSION = 5.0;
				TARGETED_DEVICE_FAMILY = "1,2";
			};
			name = Debug;
		};
		A5E917372D5058480060DD48 /* Release */ = {
			isa = XCBuildConfiguration;
			buildSettings = {
				ASSETCATALOG_COMPILER_GLOBAL_ACCENT_COLOR_NAME = AccentColor;
				ASSETCATALOG_COMPILER_WIDGET_BACKGROUND_COLOR_NAME = WidgetBackground;
				CODE_SIGN_ENTITLEMENTS = "Pea WidgetExtension.entitlements";
				CODE_SIGN_IDENTITY = "Apple Development";
				CODE_SIGN_STYLE = Automatic;
				CURRENT_PROJECT_VERSION = 77;
				DEVELOPMENT_TEAM = T4CL79J5Y8;
				GENERATE_INFOPLIST_FILE = YES;
				INFOPLIST_FILE = "Pea Widget/Info.plist";
				INFOPLIST_KEY_CFBundleDisplayName = "Pea Widget";
				INFOPLIST_KEY_NSHumanReadableCopyright = "";
				INFOPLIST_KEY_UIUserInterfaceStyle = Automatic;
				IPHONEOS_DEPLOYMENT_TARGET = 17.0;
				LD_RUNPATH_SEARCH_PATHS = (
					"$(inherited)",
					"@executable_path/Frameworks",
					"@executable_path/../../Frameworks",
				);
				MARKETING_VERSION = 1.0.2;
				PRODUCT_BUNDLE_IDENTIFIER = "com.wholesomeapps.runwithfriends.Pea-Widget";
				PRODUCT_NAME = "$(TARGET_NAME)";
				SKIP_INSTALL = YES;
				SWIFT_EMIT_LOC_STRINGS = YES;
				SWIFT_VERSION = 5.0;
				TARGETED_DEVICE_FAMILY = "1,2";
			};
			name = Release;
		};
/* End XCBuildConfiguration section */

/* Begin XCConfigurationList section */
		952825AB2AE1F74D0032B04B /* Build configuration list for PBXProject "runwithfriends" */ = {
			isa = XCConfigurationList;
			buildConfigurations = (
				952825C52AE1F74E0032B04B /* Debug */,
				952825C62AE1F74E0032B04B /* Release */,
			);
			defaultConfigurationIsVisible = 0;
			defaultConfigurationName = Release;
		};
		952825C72AE1F74E0032B04B /* Build configuration list for PBXNativeTarget "runwithfriends" */ = {
			isa = XCConfigurationList;
			buildConfigurations = (
				952825C82AE1F74E0032B04B /* Debug */,
				952825C92AE1F74E0032B04B /* Release */,
			);
			defaultConfigurationIsVisible = 0;
			defaultConfigurationName = Release;
		};
		A51A55942D8BB32500D5D818 /* Build configuration list for PBXNativeTarget "SharedCode" */ = {
			isa = XCConfigurationList;
			buildConfigurations = (
				A51A55952D8BB32500D5D818 /* Debug */,
				A51A55962D8BB32500D5D818 /* Release */,
			);
			defaultConfigurationIsVisible = 0;
			defaultConfigurationName = Release;
		};
		A5E917392D5058480060DD48 /* Build configuration list for PBXNativeTarget "Pea WidgetExtension" */ = {
			isa = XCConfigurationList;
			buildConfigurations = (
				A5E917362D5058480060DD48 /* Debug */,
				A5E917372D5058480060DD48 /* Release */,
			);
			defaultConfigurationIsVisible = 0;
			defaultConfigurationName = Release;
		};
/* End XCConfigurationList section */

/* Begin XCRemoteSwiftPackageReference section */
		951D1A632B32675F00171C62 /* XCRemoteSwiftPackageReference "supabase-swift" */ = {
			isa = XCRemoteSwiftPackageReference;
			repositoryURL = "https://github.com/supabase-community/supabase-swift.git";
			requirement = {
				kind = exactVersion;
				version = 2.25.0;
			};
		};
/* End XCRemoteSwiftPackageReference section */

/* Begin XCSwiftPackageProductDependency section */
		951D1A642B32675F00171C62 /* Auth */ = {
			isa = XCSwiftPackageProductDependency;
			package = 951D1A632B32675F00171C62 /* XCRemoteSwiftPackageReference "supabase-swift" */;
			productName = Auth;
		};
		951D1A662B32675F00171C62 /* Functions */ = {
			isa = XCSwiftPackageProductDependency;
			package = 951D1A632B32675F00171C62 /* XCRemoteSwiftPackageReference "supabase-swift" */;
			productName = Functions;
		};
		951D1A682B32675F00171C62 /* PostgREST */ = {
			isa = XCSwiftPackageProductDependency;
			package = 951D1A632B32675F00171C62 /* XCRemoteSwiftPackageReference "supabase-swift" */;
			productName = PostgREST;
		};
		951D1A6A2B32675F00171C62 /* Realtime */ = {
			isa = XCSwiftPackageProductDependency;
			package = 951D1A632B32675F00171C62 /* XCRemoteSwiftPackageReference "supabase-swift" */;
			productName = Realtime;
		};
		951D1A6C2B32675F00171C62 /* Storage */ = {
			isa = XCSwiftPackageProductDependency;
			package = 951D1A632B32675F00171C62 /* XCRemoteSwiftPackageReference "supabase-swift" */;
			productName = Storage;
		};
		951D1A6E2B32675F00171C62 /* Supabase */ = {
			isa = XCSwiftPackageProductDependency;
			package = 951D1A632B32675F00171C62 /* XCRemoteSwiftPackageReference "supabase-swift" */;
			productName = Supabase;
		};
		A5E394F32D6C0F40009BBC93 /* Supabase */ = {
			isa = XCSwiftPackageProductDependency;
			package = 951D1A632B32675F00171C62 /* XCRemoteSwiftPackageReference "supabase-swift" */;
			productName = Supabase;
		};
/* End XCSwiftPackageProductDependency section */

/* Begin XCVersionGroup section */
		952825BC2AE1F74D0032B04B /* runwithfriends.xcdatamodeld */ = {
			isa = XCVersionGroup;
			children = (
				952825BD2AE1F74D0032B04B /* runwithfriends.xcdatamodel */,
			);
			currentVersion = 952825BD2AE1F74D0032B04B /* runwithfriends.xcdatamodel */;
			path = runwithfriends.xcdatamodeld;
			sourceTree = "<group>";
			versionGroupType = wrapper.xcdatamodel;
		};
/* End XCVersionGroup section */
	};
	rootObject = 952825A82AE1F74D0032B04B /* Project object */;
}
