// !$*UTF8*$!
{
	archiveVersion = 1;
	classes = {
	};
	objectVersion = 56;
	objects = {

/* Begin PBXBuildFile section */
		257EC7A52B882FFE000759A8 /* Progression.swift in Sources */ = {isa = PBXBuildFile; fileRef = 257EC7A42B882FFE000759A8 /* Progression.swift */; };
		258508712B2BCEB8005FD81F /* SkeletonView in Frameworks */ = {isa = PBXBuildFile; productRef = 258508702B2BCEB8005FD81F /* SkeletonView */; };
		25A4309B2B74CB79000CE771 /* UIFont.swift in Sources */ = {isa = PBXBuildFile; fileRef = 25A4309A2B74CB79000CE771 /* UIFont.swift */; };
		25A5B0DC2B7C9741004DB775 /* Distance.swift in Sources */ = {isa = PBXBuildFile; fileRef = 25A5B0DB2B7C9741004DB775 /* Distance.swift */; };
		25D47D5A2B97DEEE003BAF64 /* Collections.swift in Sources */ = {isa = PBXBuildFile; fileRef = 25D47D592B97DEEE003BAF64 /* Collections.swift */; };
		25D47D5C2B97DF90003BAF64 /* Int.swift in Sources */ = {isa = PBXBuildFile; fileRef = 25D47D5B2B97DF90003BAF64 /* Int.swift */; };
		25FC3CA72B82D61200D90ED2 /* Kefir-ExtraBold.otf in Resources */ = {isa = PBXBuildFile; fileRef = 25FC3CA02B82D61200D90ED2 /* Kefir-ExtraBold.otf */; };
		25FC3CA82B82D61200D90ED2 /* Kefir-Light.otf in Resources */ = {isa = PBXBuildFile; fileRef = 25FC3CA12B82D61200D90ED2 /* Kefir-Light.otf */; };
		25FC3CA92B82D61200D90ED2 /* Kefir-DemiBold.otf in Resources */ = {isa = PBXBuildFile; fileRef = 25FC3CA22B82D61200D90ED2 /* Kefir-DemiBold.otf */; };
		25FC3CAA2B82D61200D90ED2 /* Kefir-Medium.otf in Resources */ = {isa = PBXBuildFile; fileRef = 25FC3CA32B82D61200D90ED2 /* Kefir-Medium.otf */; };
		25FC3CAB2B82D61200D90ED2 /* Kefir-Black.otf in Resources */ = {isa = PBXBuildFile; fileRef = 25FC3CA42B82D61200D90ED2 /* Kefir-Black.otf */; };
		25FC3CAC2B82D61200D90ED2 /* Kefir-Regular.otf in Resources */ = {isa = PBXBuildFile; fileRef = 25FC3CA52B82D61200D90ED2 /* Kefir-Regular.otf */; };
		25FC3CAD2B82D61200D90ED2 /* Kefir-Bold.otf in Resources */ = {isa = PBXBuildFile; fileRef = 25FC3CA62B82D61200D90ED2 /* Kefir-Bold.otf */; };
		9519A6C52B19593A000B952F /* Date.swift in Sources */ = {isa = PBXBuildFile; fileRef = 9519A6C42B19593A000B952F /* Date.swift */; };
		951D1A652B32675F00171C62 /* Auth in Frameworks */ = {isa = PBXBuildFile; productRef = 951D1A642B32675F00171C62 /* Auth */; };
		951D1A672B32675F00171C62 /* Functions in Frameworks */ = {isa = PBXBuildFile; productRef = 951D1A662B32675F00171C62 /* Functions */; };
		951D1A692B32675F00171C62 /* PostgREST in Frameworks */ = {isa = PBXBuildFile; productRef = 951D1A682B32675F00171C62 /* PostgREST */; };
		951D1A6B2B32675F00171C62 /* Realtime in Frameworks */ = {isa = PBXBuildFile; productRef = 951D1A6A2B32675F00171C62 /* Realtime */; };
		951D1A6D2B32675F00171C62 /* Storage in Frameworks */ = {isa = PBXBuildFile; productRef = 951D1A6C2B32675F00171C62 /* Storage */; };
		951D1A6F2B32675F00171C62 /* Supabase in Frameworks */ = {isa = PBXBuildFile; productRef = 951D1A6E2B32675F00171C62 /* Supabase */; };
		951D1A712B326F1000171C62 /* Supabase.swift in Sources */ = {isa = PBXBuildFile; fileRef = 951D1A702B326F1000171C62 /* Supabase.swift */; };
		951E3EC12BA540DE0059C675 /* UserDefaults.swift in Sources */ = {isa = PBXBuildFile; fileRef = 951E3EC02BA540DE0059C675 /* UserDefaults.swift */; };
		952825B42AE1F74D0032B04B /* AppDelegate.swift in Sources */ = {isa = PBXBuildFile; fileRef = 952825B32AE1F74D0032B04B /* AppDelegate.swift */; };
		952825B62AE1F74D0032B04B /* SceneDelegate.swift in Sources */ = {isa = PBXBuildFile; fileRef = 952825B52AE1F74D0032B04B /* SceneDelegate.swift */; };
		952825B82AE1F74D0032B04B /* LoginViewController.swift in Sources */ = {isa = PBXBuildFile; fileRef = 952825B72AE1F74D0032B04B /* LoginViewController.swift */; };
		952825BE2AE1F74D0032B04B /* runwithfriends.xcdatamodeld in Sources */ = {isa = PBXBuildFile; fileRef = 952825BC2AE1F74D0032B04B /* runwithfriends.xcdatamodeld */; };
		952825C02AE1F74E0032B04B /* Assets.xcassets in Resources */ = {isa = PBXBuildFile; fileRef = 952825BF2AE1F74E0032B04B /* Assets.xcassets */; };
		952825C32AE1F74E0032B04B /* LaunchScreen.storyboard in Resources */ = {isa = PBXBuildFile; fileRef = 952825C12AE1F74E0032B04B /* LaunchScreen.storyboard */; };
		952CEECF2B9AFC760034BBF6 /* ProgressView.swift in Sources */ = {isa = PBXBuildFile; fileRef = 952CEECE2B9AFC760034BBF6 /* ProgressView.swift */; };
		9536C16F2AF9ADA100263871 /* UserData.swift in Sources */ = {isa = PBXBuildFile; fileRef = 9536C16E2AF9ADA100263871 /* UserData.swift */; };
		953D20992B7D847400A32185 /* Runner.swift in Sources */ = {isa = PBXBuildFile; fileRef = 953D20982B7D847400A32185 /* Runner.swift */; };
		953D209D2B7D973500A32185 /* ViewController.swift in Sources */ = {isa = PBXBuildFile; fileRef = 953D209C2B7D973500A32185 /* ViewController.swift */; };
		95457DFC2AF8C31400E4414C /* ProfileViewController.swift in Sources */ = {isa = PBXBuildFile; fileRef = 95457DFB2AF8C31400E4414C /* ProfileViewController.swift */; };
		955151242B91583A001AD26B /* DistanceViewController.swift in Sources */ = {isa = PBXBuildFile; fileRef = 955151232B91583A001AD26B /* DistanceViewController.swift */; };
		9557F76C2B350794002CAE30 /* AlertController.swift in Sources */ = {isa = PBXBuildFile; fileRef = 9557F76B2B350794002CAE30 /* AlertController.swift */; };
		9557F7702B35706D002CAE30 /* User.swift in Sources */ = {isa = PBXBuildFile; fileRef = 9557F76F2B35706D002CAE30 /* User.swift */; };
		95659B8E2AEF1FA4008D7BA8 /* Labels.swift in Sources */ = {isa = PBXBuildFile; fileRef = 95659B8D2AEF1FA4008D7BA8 /* Labels.swift */; };
		95813B622BB4E76400B12525 /* NYCMarathon.gpx in Resources */ = {isa = PBXBuildFile; fileRef = 95813B612BB4E76400B12525 /* NYCMarathon.gpx */; };
		95877BC32B042F7500A81839 /* Cell.swift in Sources */ = {isa = PBXBuildFile; fileRef = 95877BC22B042F7500A81839 /* Cell.swift */; };
		95966EB42AF329450086DABB /* TabViewController.swift in Sources */ = {isa = PBXBuildFile; fileRef = 95966EB32AF329450086DABB /* TabViewController.swift */; };
		95969AB92BAD36F200E3858C /* BorderPathRenderer.swift in Sources */ = {isa = PBXBuildFile; fileRef = 95969AB82BAD36F200E3858C /* BorderPathRenderer.swift */; };
		95A4D56D2B900D6100FF7D38 /* UIApplication.swift in Sources */ = {isa = PBXBuildFile; fileRef = 95A4D56C2B900D6100FF7D38 /* UIApplication.swift */; };
		95AC65852B021CE50084FF15 /* EmojiAnnotation.swift in Sources */ = {isa = PBXBuildFile; fileRef = 95AC65842B021CE50084FF15 /* EmojiAnnotation.swift */; };
		95AC658B2B0227860084FF15 /* UIView.swift in Sources */ = {isa = PBXBuildFile; fileRef = 95AC658A2B0227860084FF15 /* UIView.swift */; };
		95B8E3392BAC6450003AB055 /* ParseGPX.swift in Sources */ = {isa = PBXBuildFile; fileRef = 95B8E3382BAC6450003AB055 /* ParseGPX.swift */; };
		95BC85312B0ECA9E00DD81BB /* NavigationController.swift in Sources */ = {isa = PBXBuildFile; fileRef = 95BC85302B0ECA9E00DD81BB /* NavigationController.swift */; };
		95D16BCD2AFCCA9300AF3B89 /* Prefixes.swift in Sources */ = {isa = PBXBuildFile; fileRef = 95D16BCC2AFCCA9300AF3B89 /* Prefixes.swift */; };
		95DBAC512BA18186002037F1 /* CommunityViewController.swift in Sources */ = {isa = PBXBuildFile; fileRef = 95DBAC502BA18186002037F1 /* CommunityViewController.swift */; };
		95DBAC532BA18231002037F1 /* Location.swift in Sources */ = {isa = PBXBuildFile; fileRef = 95DBAC522BA18231002037F1 /* Location.swift */; };
		95F6970F2AFF6CD800B10EB2 /* String.swift in Sources */ = {isa = PBXBuildFile; fileRef = 95F6970E2AFF6CD800B10EB2 /* String.swift */; };
		95F85B4F2B71AAEC005A705A /* README.md in Resources */ = {isa = PBXBuildFile; fileRef = 95F85B4E2B71AAEC005A705A /* README.md */; };
/* End PBXBuildFile section */

/* Begin PBXFileReference section */
		257EC7A42B882FFE000759A8 /* Progression.swift */ = {isa = PBXFileReference; lastKnownFileType = sourcecode.swift; path = Progression.swift; sourceTree = "<group>"; };
		25A4309A2B74CB79000CE771 /* UIFont.swift */ = {isa = PBXFileReference; lastKnownFileType = sourcecode.swift; path = UIFont.swift; sourceTree = "<group>"; };
		25A5B0DB2B7C9741004DB775 /* Distance.swift */ = {isa = PBXFileReference; lastKnownFileType = sourcecode.swift; path = Distance.swift; sourceTree = "<group>"; };
		25D47D592B97DEEE003BAF64 /* Collections.swift */ = {isa = PBXFileReference; lastKnownFileType = sourcecode.swift; path = Collections.swift; sourceTree = "<group>"; };
		25D47D5B2B97DF90003BAF64 /* Int.swift */ = {isa = PBXFileReference; lastKnownFileType = sourcecode.swift; path = Int.swift; sourceTree = "<group>"; };
		25FC3CA02B82D61200D90ED2 /* Kefir-ExtraBold.otf */ = {isa = PBXFileReference; lastKnownFileType = file; path = "Kefir-ExtraBold.otf"; sourceTree = "<group>"; };
		25FC3CA12B82D61200D90ED2 /* Kefir-Light.otf */ = {isa = PBXFileReference; lastKnownFileType = file; path = "Kefir-Light.otf"; sourceTree = "<group>"; };
		25FC3CA22B82D61200D90ED2 /* Kefir-DemiBold.otf */ = {isa = PBXFileReference; lastKnownFileType = file; path = "Kefir-DemiBold.otf"; sourceTree = "<group>"; };
		25FC3CA32B82D61200D90ED2 /* Kefir-Medium.otf */ = {isa = PBXFileReference; lastKnownFileType = file; path = "Kefir-Medium.otf"; sourceTree = "<group>"; };
		25FC3CA42B82D61200D90ED2 /* Kefir-Black.otf */ = {isa = PBXFileReference; lastKnownFileType = file; path = "Kefir-Black.otf"; sourceTree = "<group>"; };
		25FC3CA52B82D61200D90ED2 /* Kefir-Regular.otf */ = {isa = PBXFileReference; lastKnownFileType = file; path = "Kefir-Regular.otf"; sourceTree = "<group>"; };
		25FC3CA62B82D61200D90ED2 /* Kefir-Bold.otf */ = {isa = PBXFileReference; lastKnownFileType = file; path = "Kefir-Bold.otf"; sourceTree = "<group>"; };
		9519A6C42B19593A000B952F /* Date.swift */ = {isa = PBXFileReference; lastKnownFileType = sourcecode.swift; path = Date.swift; sourceTree = "<group>"; };
		951D1A702B326F1000171C62 /* Supabase.swift */ = {isa = PBXFileReference; lastKnownFileType = sourcecode.swift; path = Supabase.swift; sourceTree = "<group>"; };
		951E3EC02BA540DE0059C675 /* UserDefaults.swift */ = {isa = PBXFileReference; lastKnownFileType = sourcecode.swift; path = UserDefaults.swift; sourceTree = "<group>"; };
		952825B02AE1F74D0032B04B /* runwithfriends.app */ = {isa = PBXFileReference; explicitFileType = wrapper.application; includeInIndex = 0; path = runwithfriends.app; sourceTree = BUILT_PRODUCTS_DIR; };
		952825B32AE1F74D0032B04B /* AppDelegate.swift */ = {isa = PBXFileReference; lastKnownFileType = sourcecode.swift; path = AppDelegate.swift; sourceTree = "<group>"; };
		952825B52AE1F74D0032B04B /* SceneDelegate.swift */ = {isa = PBXFileReference; lastKnownFileType = sourcecode.swift; path = SceneDelegate.swift; sourceTree = "<group>"; };
		952825B72AE1F74D0032B04B /* LoginViewController.swift */ = {isa = PBXFileReference; lastKnownFileType = sourcecode.swift; path = LoginViewController.swift; sourceTree = "<group>"; };
		952825BD2AE1F74D0032B04B /* runwithfriends.xcdatamodel */ = {isa = PBXFileReference; lastKnownFileType = wrapper.xcdatamodel; path = runwithfriends.xcdatamodel; sourceTree = "<group>"; };
		952825BF2AE1F74E0032B04B /* Assets.xcassets */ = {isa = PBXFileReference; lastKnownFileType = folder.assetcatalog; path = Assets.xcassets; sourceTree = "<group>"; };
		952825C22AE1F74E0032B04B /* Base */ = {isa = PBXFileReference; lastKnownFileType = file.storyboard; name = Base; path = Base.lproj/LaunchScreen.storyboard; sourceTree = "<group>"; };
		952825C42AE1F74E0032B04B /* Info.plist */ = {isa = PBXFileReference; lastKnownFileType = text.plist.xml; path = Info.plist; sourceTree = "<group>"; };
		952CEECE2B9AFC760034BBF6 /* ProgressView.swift */ = {isa = PBXFileReference; lastKnownFileType = sourcecode.swift; path = ProgressView.swift; sourceTree = "<group>"; };
		9536C16E2AF9ADA100263871 /* UserData.swift */ = {isa = PBXFileReference; lastKnownFileType = sourcecode.swift; path = UserData.swift; sourceTree = "<group>"; };
		953D20982B7D847400A32185 /* Runner.swift */ = {isa = PBXFileReference; lastKnownFileType = sourcecode.swift; path = Runner.swift; sourceTree = "<group>"; };
		953D209C2B7D973500A32185 /* ViewController.swift */ = {isa = PBXFileReference; lastKnownFileType = sourcecode.swift; path = ViewController.swift; sourceTree = "<group>"; };
		95457DFB2AF8C31400E4414C /* ProfileViewController.swift */ = {isa = PBXFileReference; lastKnownFileType = sourcecode.swift; path = ProfileViewController.swift; sourceTree = "<group>"; };
		955151232B91583A001AD26B /* DistanceViewController.swift */ = {isa = PBXFileReference; lastKnownFileType = sourcecode.swift; path = DistanceViewController.swift; sourceTree = "<group>"; };
		9557F76B2B350794002CAE30 /* AlertController.swift */ = {isa = PBXFileReference; lastKnownFileType = sourcecode.swift; path = AlertController.swift; sourceTree = "<group>"; };
		9557F76F2B35706D002CAE30 /* User.swift */ = {isa = PBXFileReference; lastKnownFileType = sourcecode.swift; path = User.swift; sourceTree = "<group>"; };
		95659B8D2AEF1FA4008D7BA8 /* Labels.swift */ = {isa = PBXFileReference; lastKnownFileType = sourcecode.swift; path = Labels.swift; sourceTree = "<group>"; };
		95813B612BB4E76400B12525 /* NYCMarathon.gpx */ = {isa = PBXFileReference; fileEncoding = 4; lastKnownFileType = text.xml; path = NYCMarathon.gpx; sourceTree = "<group>"; };
		95877BC22B042F7500A81839 /* Cell.swift */ = {isa = PBXFileReference; lastKnownFileType = sourcecode.swift; path = Cell.swift; sourceTree = "<group>"; };
		95966EB32AF329450086DABB /* TabViewController.swift */ = {isa = PBXFileReference; lastKnownFileType = sourcecode.swift; path = TabViewController.swift; sourceTree = "<group>"; };
		95969AB82BAD36F200E3858C /* BorderPathRenderer.swift */ = {isa = PBXFileReference; lastKnownFileType = sourcecode.swift; path = BorderPathRenderer.swift; sourceTree = "<group>"; };
		95A4D56C2B900D6100FF7D38 /* UIApplication.swift */ = {isa = PBXFileReference; lastKnownFileType = sourcecode.swift; path = UIApplication.swift; sourceTree = "<group>"; };
		95AC65842B021CE50084FF15 /* EmojiAnnotation.swift */ = {isa = PBXFileReference; lastKnownFileType = sourcecode.swift; name = EmojiAnnotation.swift; path = ../Runs/WaitingRoom/EmojiAnnotation.swift; sourceTree = "<group>"; };
		95AC658A2B0227860084FF15 /* UIView.swift */ = {isa = PBXFileReference; lastKnownFileType = sourcecode.swift; path = UIView.swift; sourceTree = "<group>"; };
		95B8E3382BAC6450003AB055 /* ParseGPX.swift */ = {isa = PBXFileReference; lastKnownFileType = sourcecode.swift; path = ParseGPX.swift; sourceTree = "<group>"; };
		95BC85302B0ECA9E00DD81BB /* NavigationController.swift */ = {isa = PBXFileReference; lastKnownFileType = sourcecode.swift; path = NavigationController.swift; sourceTree = "<group>"; };
		95D16BCC2AFCCA9300AF3B89 /* Prefixes.swift */ = {isa = PBXFileReference; lastKnownFileType = sourcecode.swift; path = Prefixes.swift; sourceTree = "<group>"; };
		95DBAC502BA18186002037F1 /* CommunityViewController.swift */ = {isa = PBXFileReference; lastKnownFileType = sourcecode.swift; path = CommunityViewController.swift; sourceTree = "<group>"; };
		95DBAC522BA18231002037F1 /* Location.swift */ = {isa = PBXFileReference; lastKnownFileType = sourcecode.swift; path = Location.swift; sourceTree = "<group>"; };
		95F6970E2AFF6CD800B10EB2 /* String.swift */ = {isa = PBXFileReference; lastKnownFileType = sourcecode.swift; path = String.swift; sourceTree = "<group>"; };
		95F85B4E2B71AAEC005A705A /* README.md */ = {isa = PBXFileReference; lastKnownFileType = net.daringfireball.markdown; path = README.md; sourceTree = "<group>"; };
		95F961CE2AE7418400D4AA30 /* runwithfriends.entitlements */ = {isa = PBXFileReference; lastKnownFileType = text.plist.entitlements; path = runwithfriends.entitlements; sourceTree = "<group>"; };
/* End PBXFileReference section */

/* Begin PBXFrameworksBuildPhase section */
		952825AD2AE1F74D0032B04B /* Frameworks */ = {
			isa = PBXFrameworksBuildPhase;
			buildActionMask = 2147483647;
			files = (
				951D1A6F2B32675F00171C62 /* Supabase in Frameworks */,
				951D1A6D2B32675F00171C62 /* Storage in Frameworks */,
				951D1A692B32675F00171C62 /* PostgREST in Frameworks */,
				951D1A672B32675F00171C62 /* Functions in Frameworks */,
				951D1A652B32675F00171C62 /* Auth in Frameworks */,
				951D1A6B2B32675F00171C62 /* Realtime in Frameworks */,
				258508712B2BCEB8005FD81F /* SkeletonView in Frameworks */,
			);
			runOnlyForDeploymentPostprocessing = 0;
		};
/* End PBXFrameworksBuildPhase section */

/* Begin PBXGroup section */
		25A8B3132B26EA03009502BA /* Frameworks */ = {
			isa = PBXGroup;
			children = (
			);
			name = Frameworks;
			sourceTree = "<group>";
		};
		25FC3C9F2B82D60000D90ED2 /* Fonts */ = {
			isa = PBXGroup;
			children = (
				25FC3CA42B82D61200D90ED2 /* Kefir-Black.otf */,
				25FC3CA62B82D61200D90ED2 /* Kefir-Bold.otf */,
				25FC3CA22B82D61200D90ED2 /* Kefir-DemiBold.otf */,
				25FC3CA02B82D61200D90ED2 /* Kefir-ExtraBold.otf */,
				25FC3CA12B82D61200D90ED2 /* Kefir-Light.otf */,
				25FC3CA32B82D61200D90ED2 /* Kefir-Medium.otf */,
				25FC3CA52B82D61200D90ED2 /* Kefir-Regular.otf */,
			);
			path = Fonts;
			sourceTree = "<group>";
		};
		951F42C72B1817E1004E2BEA /* Views */ = {
			isa = PBXGroup;
			children = (
				95659B8D2AEF1FA4008D7BA8 /* Labels.swift */,
				953D209C2B7D973500A32185 /* ViewController.swift */,
				952CEECE2B9AFC760034BBF6 /* ProgressView.swift */,
				95A4D56C2B900D6100FF7D38 /* UIApplication.swift */,
				95877BC22B042F7500A81839 /* Cell.swift */,
				95AC658A2B0227860084FF15 /* UIView.swift */,
				95BC85302B0ECA9E00DD81BB /* NavigationController.swift */,
				9557F76B2B350794002CAE30 /* AlertController.swift */,
			);
			path = Views;
			sourceTree = "<group>";
		};
		951F42C82B1817F0004E2BEA /* Data */ = {
			isa = PBXGroup;
			children = (
				95F6970E2AFF6CD800B10EB2 /* String.swift */,
				25D47D5B2B97DF90003BAF64 /* Int.swift */,
				25D47D592B97DEEE003BAF64 /* Collections.swift */,
				9519A6C42B19593A000B952F /* Date.swift */,
				25A4309A2B74CB79000CE771 /* UIFont.swift */,
				25A5B0DB2B7C9741004DB775 /* Distance.swift */,
				95DBAC522BA18231002037F1 /* Location.swift */,
			);
			path = Data;
			sourceTree = "<group>";
		};
		952825A72AE1F74D0032B04B = {
			isa = PBXGroup;
			children = (
				952825B22AE1F74D0032B04B /* runwithfriends */,
				952825B12AE1F74D0032B04B /* Products */,
				25A8B3132B26EA03009502BA /* Frameworks */,
			);
			sourceTree = "<group>";
		};
		952825B12AE1F74D0032B04B /* Products */ = {
			isa = PBXGroup;
			children = (
				952825B02AE1F74D0032B04B /* runwithfriends.app */,
			);
			name = Products;
			sourceTree = "<group>";
		};
		952825B22AE1F74D0032B04B /* runwithfriends */ = {
			isa = PBXGroup;
			children = (
				95F961CE2AE7418400D4AA30 /* runwithfriends.entitlements */,
				9536C1702AF9AED800263871 /* App */,
				9536C1712AF9AEE700263871 /* Login */,
				95DBAC4F2BA18175002037F1 /* Community */,
				955151222B915811001AD26B /* Distance */,
				95457DFA2AF8C2F300E4414C /* Profile */,
				95659B8C2AEF1F9B008D7BA8 /* Extensions */,
				95D16BD22AFCD3C700AF3B89 /* AssetsCoreData */,
				952825C42AE1F74E0032B04B /* Info.plist */,
				95F85B4E2B71AAEC005A705A /* README.md */,
			);
			path = runwithfriends;
			sourceTree = "<group>";
		};
		9536C1702AF9AED800263871 /* App */ = {
			isa = PBXGroup;
			children = (
				952825B32AE1F74D0032B04B /* AppDelegate.swift */,
				952825B52AE1F74D0032B04B /* SceneDelegate.swift */,
				951E3EC02BA540DE0059C675 /* UserDefaults.swift */,
				952825C12AE1F74E0032B04B /* LaunchScreen.storyboard */,
			);
			path = App;
			sourceTree = "<group>";
		};
		9536C1712AF9AEE700263871 /* Login */ = {
			isa = PBXGroup;
			children = (
				952825B72AE1F74D0032B04B /* LoginViewController.swift */,
				95966EB32AF329450086DABB /* TabViewController.swift */,
				9557F76F2B35706D002CAE30 /* User.swift */,
				9536C16E2AF9ADA100263871 /* UserData.swift */,
				95D16BCC2AFCCA9300AF3B89 /* Prefixes.swift */,
				951D1A702B326F1000171C62 /* Supabase.swift */,
			);
			path = Login;
			sourceTree = "<group>";
		};
		95457DFA2AF8C2F300E4414C /* Profile */ = {
			isa = PBXGroup;
			children = (
				95457DFB2AF8C31400E4414C /* ProfileViewController.swift */,
			);
			path = Profile;
			sourceTree = "<group>";
		};
		955151222B915811001AD26B /* Distance */ = {
			isa = PBXGroup;
			children = (
				955151232B91583A001AD26B /* DistanceViewController.swift */,
				257EC7A42B882FFE000759A8 /* Progression.swift */,
			);
			path = Distance;
			sourceTree = "<group>";
		};
		95659B8C2AEF1F9B008D7BA8 /* Extensions */ = {
			isa = PBXGroup;
			children = (
				951F42C72B1817E1004E2BEA /* Views */,
				951F42C82B1817F0004E2BEA /* Data */,
			);
			path = Extensions;
			sourceTree = "<group>";
		};
		95D16BD22AFCD3C700AF3B89 /* AssetsCoreData */ = {
			isa = PBXGroup;
			children = (
				25FC3C9F2B82D60000D90ED2 /* Fonts */,
				952825BC2AE1F74D0032B04B /* runwithfriends.xcdatamodeld */,
				952825BF2AE1F74E0032B04B /* Assets.xcassets */,
				95813B612BB4E76400B12525 /* NYCMarathon.gpx */,
			);
			path = AssetsCoreData;
			sourceTree = "<group>";
		};
		95DBAC4F2BA18175002037F1 /* Community */ = {
			isa = PBXGroup;
			children = (
				95DBAC502BA18186002037F1 /* CommunityViewController.swift */,
				95969AB82BAD36F200E3858C /* BorderPathRenderer.swift */,
				953D20982B7D847400A32185 /* Runner.swift */,
				95AC65842B021CE50084FF15 /* EmojiAnnotation.swift */,
				95B8E3382BAC6450003AB055 /* ParseGPX.swift */,
			);
			path = Community;
			sourceTree = "<group>";
		};
/* End PBXGroup section */

/* Begin PBXNativeTarget section */
		952825AF2AE1F74D0032B04B /* runwithfriends */ = {
			isa = PBXNativeTarget;
			buildConfigurationList = 952825C72AE1F74E0032B04B /* Build configuration list for PBXNativeTarget "runwithfriends" */;
			buildPhases = (
				952825AC2AE1F74D0032B04B /* Sources */,
				952825AD2AE1F74D0032B04B /* Frameworks */,
				952825AE2AE1F74D0032B04B /* Resources */,
			);
			buildRules = (
			);
			dependencies = (
			);
			name = runwithfriends;
			packageProductDependencies = (
				258508702B2BCEB8005FD81F /* SkeletonView */,
				951D1A642B32675F00171C62 /* Auth */,
				951D1A662B32675F00171C62 /* Functions */,
				951D1A682B32675F00171C62 /* PostgREST */,
				951D1A6A2B32675F00171C62 /* Realtime */,
				951D1A6C2B32675F00171C62 /* Storage */,
				951D1A6E2B32675F00171C62 /* Supabase */,
			);
			productName = runwithfriends;
			productReference = 952825B02AE1F74D0032B04B /* runwithfriends.app */;
			productType = "com.apple.product-type.application";
		};
/* End PBXNativeTarget section */

/* Begin PBXProject section */
		952825A82AE1F74D0032B04B /* Project object */ = {
			isa = PBXProject;
			attributes = {
				BuildIndependentTargetsInParallel = 1;
				LastSwiftUpdateCheck = 1500;
				LastUpgradeCheck = 1500;
				TargetAttributes = {
					952825AF2AE1F74D0032B04B = {
						CreatedOnToolsVersion = 15.0;
					};
				};
			};
			buildConfigurationList = 952825AB2AE1F74D0032B04B /* Build configuration list for PBXProject "runwithfriends" */;
			compatibilityVersion = "Xcode 14.0";
			developmentRegion = en;
			hasScannedForEncodings = 0;
			knownRegions = (
				en,
				Base,
			);
			mainGroup = 952825A72AE1F74D0032B04B;
			packageReferences = (
				2585086F2B2BCEB8005FD81F /* XCRemoteSwiftPackageReference "SkeletonView" */,
				951D1A632B32675F00171C62 /* XCRemoteSwiftPackageReference "supabase-swift" */,
			);
			productRefGroup = 952825B12AE1F74D0032B04B /* Products */;
			projectDirPath = "";
			projectRoot = "";
			targets = (
				952825AF2AE1F74D0032B04B /* runwithfriends */,
			);
		};
/* End PBXProject section */

/* Begin PBXResourcesBuildPhase section */
		952825AE2AE1F74D0032B04B /* Resources */ = {
			isa = PBXResourcesBuildPhase;
			buildActionMask = 2147483647;
			files = (
				952825C32AE1F74E0032B04B /* LaunchScreen.storyboard in Resources */,
				95F85B4F2B71AAEC005A705A /* README.md in Resources */,
				25FC3CAA2B82D61200D90ED2 /* Kefir-Medium.otf in Resources */,
				25FC3CAD2B82D61200D90ED2 /* Kefir-Bold.otf in Resources */,
				95813B622BB4E76400B12525 /* NYCMarathon.gpx in Resources */,
				25FC3CA72B82D61200D90ED2 /* Kefir-ExtraBold.otf in Resources */,
				25FC3CAC2B82D61200D90ED2 /* Kefir-Regular.otf in Resources */,
				25FC3CAB2B82D61200D90ED2 /* Kefir-Black.otf in Resources */,
				952825C02AE1F74E0032B04B /* Assets.xcassets in Resources */,
				25FC3CA82B82D61200D90ED2 /* Kefir-Light.otf in Resources */,
				25FC3CA92B82D61200D90ED2 /* Kefir-DemiBold.otf in Resources */,
			);
			runOnlyForDeploymentPostprocessing = 0;
		};
/* End PBXResourcesBuildPhase section */

/* Begin PBXSourcesBuildPhase section */
		952825AC2AE1F74D0032B04B /* Sources */ = {
			isa = PBXSourcesBuildPhase;
			buildActionMask = 2147483647;
			files = (
				952825B82AE1F74D0032B04B /* LoginViewController.swift in Sources */,
				951D1A712B326F1000171C62 /* Supabase.swift in Sources */,
				95659B8E2AEF1FA4008D7BA8 /* Labels.swift in Sources */,
				9557F7702B35706D002CAE30 /* User.swift in Sources */,
				95457DFC2AF8C31400E4414C /* ProfileViewController.swift in Sources */,
				95A4D56D2B900D6100FF7D38 /* UIApplication.swift in Sources */,
				95966EB42AF329450086DABB /* TabViewController.swift in Sources */,
				952CEECF2B9AFC760034BBF6 /* ProgressView.swift in Sources */,
				951E3EC12BA540DE0059C675 /* UserDefaults.swift in Sources */,
				9536C16F2AF9ADA100263871 /* UserData.swift in Sources */,
				95AC65852B021CE50084FF15 /* EmojiAnnotation.swift in Sources */,
				25D47D5C2B97DF90003BAF64 /* Int.swift in Sources */,
				25A5B0DC2B7C9741004DB775 /* Distance.swift in Sources */,
				25A4309B2B74CB79000CE771 /* UIFont.swift in Sources */,
				953D209D2B7D973500A32185 /* ViewController.swift in Sources */,
				95DBAC512BA18186002037F1 /* CommunityViewController.swift in Sources */,
				9557F76C2B350794002CAE30 /* AlertController.swift in Sources */,
				95969AB92BAD36F200E3858C /* BorderPathRenderer.swift in Sources */,
				952825B42AE1F74D0032B04B /* AppDelegate.swift in Sources */,
				955151242B91583A001AD26B /* DistanceViewController.swift in Sources */,
				95B8E3392BAC6450003AB055 /* ParseGPX.swift in Sources */,
				952825B62AE1F74D0032B04B /* SceneDelegate.swift in Sources */,
				95BC85312B0ECA9E00DD81BB /* NavigationController.swift in Sources */,
				952825BE2AE1F74D0032B04B /* runwithfriends.xcdatamodeld in Sources */,
				95F6970F2AFF6CD800B10EB2 /* String.swift in Sources */,
				953D20992B7D847400A32185 /* Runner.swift in Sources */,
				95DBAC532BA18231002037F1 /* Location.swift in Sources */,
				25D47D5A2B97DEEE003BAF64 /* Collections.swift in Sources */,
				257EC7A52B882FFE000759A8 /* Progression.swift in Sources */,
				95AC658B2B0227860084FF15 /* UIView.swift in Sources */,
				95D16BCD2AFCCA9300AF3B89 /* Prefixes.swift in Sources */,
				9519A6C52B19593A000B952F /* Date.swift in Sources */,
				95877BC32B042F7500A81839 /* Cell.swift in Sources */,
			);
			runOnlyForDeploymentPostprocessing = 0;
		};
/* End PBXSourcesBuildPhase section */

/* Begin PBXVariantGroup section */
		952825C12AE1F74E0032B04B /* LaunchScreen.storyboard */ = {
			isa = PBXVariantGroup;
			children = (
				952825C22AE1F74E0032B04B /* Base */,
			);
			name = LaunchScreen.storyboard;
			sourceTree = "<group>";
		};
/* End PBXVariantGroup section */

/* Begin XCBuildConfiguration section */
		952825C52AE1F74E0032B04B /* Debug */ = {
			isa = XCBuildConfiguration;
			buildSettings = {
				ALWAYS_SEARCH_USER_PATHS = NO;
				ASSETCATALOG_COMPILER_GENERATE_SWIFT_ASSET_SYMBOL_EXTENSIONS = YES;
				CLANG_ANALYZER_NONNULL = YES;
				CLANG_ANALYZER_NUMBER_OBJECT_CONVERSION = YES_AGGRESSIVE;
				CLANG_CXX_LANGUAGE_STANDARD = "gnu++20";
				CLANG_ENABLE_MODULES = YES;
				CLANG_ENABLE_OBJC_ARC = YES;
				CLANG_ENABLE_OBJC_WEAK = YES;
				CLANG_WARN_BLOCK_CAPTURE_AUTORELEASING = YES;
				CLANG_WARN_BOOL_CONVERSION = YES;
				CLANG_WARN_COMMA = YES;
				CLANG_WARN_CONSTANT_CONVERSION = YES;
				CLANG_WARN_DEPRECATED_OBJC_IMPLEMENTATIONS = YES;
				CLANG_WARN_DIRECT_OBJC_ISA_USAGE = YES_ERROR;
				CLANG_WARN_DOCUMENTATION_COMMENTS = YES;
				CLANG_WARN_EMPTY_BODY = YES;
				CLANG_WARN_ENUM_CONVERSION = YES;
				CLANG_WARN_INFINITE_RECURSION = YES;
				CLANG_WARN_INT_CONVERSION = YES;
				CLANG_WARN_NON_LITERAL_NULL_CONVERSION = YES;
				CLANG_WARN_OBJC_IMPLICIT_RETAIN_SELF = YES;
				CLANG_WARN_OBJC_LITERAL_CONVERSION = YES;
				CLANG_WARN_OBJC_ROOT_CLASS = YES_ERROR;
				CLANG_WARN_QUOTED_INCLUDE_IN_FRAMEWORK_HEADER = YES;
				CLANG_WARN_RANGE_LOOP_ANALYSIS = YES;
				CLANG_WARN_STRICT_PROTOTYPES = YES;
				CLANG_WARN_SUSPICIOUS_MOVE = YES;
				CLANG_WARN_UNGUARDED_AVAILABILITY = YES_AGGRESSIVE;
				CLANG_WARN_UNREACHABLE_CODE = YES;
				CLANG_WARN__DUPLICATE_METHOD_MATCH = YES;
				COPY_PHASE_STRIP = NO;
				DEBUG_INFORMATION_FORMAT = dwarf;
				ENABLE_STRICT_OBJC_MSGSEND = YES;
				ENABLE_TESTABILITY = YES;
				ENABLE_USER_SCRIPT_SANDBOXING = YES;
				GCC_C_LANGUAGE_STANDARD = gnu17;
				GCC_DYNAMIC_NO_PIC = NO;
				GCC_NO_COMMON_BLOCKS = YES;
				GCC_OPTIMIZATION_LEVEL = 0;
				GCC_PREPROCESSOR_DEFINITIONS = (
					"DEBUG=1",
					"$(inherited)",
				);
				GCC_WARN_64_TO_32_BIT_CONVERSION = YES;
				GCC_WARN_ABOUT_RETURN_TYPE = YES_ERROR;
				GCC_WARN_UNDECLARED_SELECTOR = YES;
				GCC_WARN_UNINITIALIZED_AUTOS = YES_AGGRESSIVE;
				GCC_WARN_UNUSED_FUNCTION = YES;
				GCC_WARN_UNUSED_VARIABLE = YES;
				IPHONEOS_DEPLOYMENT_TARGET = 17.0;
				LOCALIZATION_PREFERS_STRING_CATALOGS = YES;
				MTL_ENABLE_DEBUG_INFO = INCLUDE_SOURCE;
				MTL_FAST_MATH = YES;
				ONLY_ACTIVE_ARCH = YES;
				SDKROOT = iphoneos;
				SWIFT_ACTIVE_COMPILATION_CONDITIONS = "DEBUG $(inherited)";
				SWIFT_OPTIMIZATION_LEVEL = "-Onone";
			};
			name = Debug;
		};
		952825C62AE1F74E0032B04B /* Release */ = {
			isa = XCBuildConfiguration;
			buildSettings = {
				ALWAYS_SEARCH_USER_PATHS = NO;
				ASSETCATALOG_COMPILER_GENERATE_SWIFT_ASSET_SYMBOL_EXTENSIONS = YES;
				CLANG_ANALYZER_NONNULL = YES;
				CLANG_ANALYZER_NUMBER_OBJECT_CONVERSION = YES_AGGRESSIVE;
				CLANG_CXX_LANGUAGE_STANDARD = "gnu++20";
				CLANG_ENABLE_MODULES = YES;
				CLANG_ENABLE_OBJC_ARC = YES;
				CLANG_ENABLE_OBJC_WEAK = YES;
				CLANG_WARN_BLOCK_CAPTURE_AUTORELEASING = YES;
				CLANG_WARN_BOOL_CONVERSION = YES;
				CLANG_WARN_COMMA = YES;
				CLANG_WARN_CONSTANT_CONVERSION = YES;
				CLANG_WARN_DEPRECATED_OBJC_IMPLEMENTATIONS = YES;
				CLANG_WARN_DIRECT_OBJC_ISA_USAGE = YES_ERROR;
				CLANG_WARN_DOCUMENTATION_COMMENTS = YES;
				CLANG_WARN_EMPTY_BODY = YES;
				CLANG_WARN_ENUM_CONVERSION = YES;
				CLANG_WARN_INFINITE_RECURSION = YES;
				CLANG_WARN_INT_CONVERSION = YES;
				CLANG_WARN_NON_LITERAL_NULL_CONVERSION = YES;
				CLANG_WARN_OBJC_IMPLICIT_RETAIN_SELF = YES;
				CLANG_WARN_OBJC_LITERAL_CONVERSION = YES;
				CLANG_WARN_OBJC_ROOT_CLASS = YES_ERROR;
				CLANG_WARN_QUOTED_INCLUDE_IN_FRAMEWORK_HEADER = YES;
				CLANG_WARN_RANGE_LOOP_ANALYSIS = YES;
				CLANG_WARN_STRICT_PROTOTYPES = YES;
				CLANG_WARN_SUSPICIOUS_MOVE = YES;
				CLANG_WARN_UNGUARDED_AVAILABILITY = YES_AGGRESSIVE;
				CLANG_WARN_UNREACHABLE_CODE = YES;
				CLANG_WARN__DUPLICATE_METHOD_MATCH = YES;
				COPY_PHASE_STRIP = NO;
				DEBUG_INFORMATION_FORMAT = "dwarf-with-dsym";
				ENABLE_NS_ASSERTIONS = NO;
				ENABLE_STRICT_OBJC_MSGSEND = YES;
				ENABLE_USER_SCRIPT_SANDBOXING = YES;
				GCC_C_LANGUAGE_STANDARD = gnu17;
				GCC_NO_COMMON_BLOCKS = YES;
				GCC_WARN_64_TO_32_BIT_CONVERSION = YES;
				GCC_WARN_ABOUT_RETURN_TYPE = YES_ERROR;
				GCC_WARN_UNDECLARED_SELECTOR = YES;
				GCC_WARN_UNINITIALIZED_AUTOS = YES_AGGRESSIVE;
				GCC_WARN_UNUSED_FUNCTION = YES;
				GCC_WARN_UNUSED_VARIABLE = YES;
				IPHONEOS_DEPLOYMENT_TARGET = 17.0;
				LOCALIZATION_PREFERS_STRING_CATALOGS = YES;
				MTL_ENABLE_DEBUG_INFO = NO;
				MTL_FAST_MATH = YES;
				SDKROOT = iphoneos;
				SWIFT_COMPILATION_MODE = wholemodule;
				VALIDATE_PRODUCT = YES;
			};
			name = Release;
		};
		952825C82AE1F74E0032B04B /* Debug */ = {
			isa = XCBuildConfiguration;
			buildSettings = {
				ASSETCATALOG_COMPILER_APPICON_NAME = AppIcon;
				ASSETCATALOG_COMPILER_GLOBAL_ACCENT_COLOR_NAME = Moss;
				ASSETCATALOG_COMPILER_INCLUDE_ALL_APPICON_ASSETS = NO;
				CODE_SIGN_ENTITLEMENTS = runwithfriends/runwithfriends.entitlements;
				CODE_SIGN_IDENTITY = "Apple Development";
				CODE_SIGN_STYLE = Automatic;
				CURRENT_PROJECT_VERSION = 22;
				DEVELOPMENT_TEAM = T4CL79J5Y8;
				GENERATE_INFOPLIST_FILE = YES;
				INFOPLIST_FILE = runwithfriends/Info.plist;
				INFOPLIST_KEY_CFBundleDisplayName = RunFriends;
				INFOPLIST_KEY_NSHealthClinicalHealthRecordsShareUsageDescription = "Using your health data";
				INFOPLIST_KEY_NSHealthShareUsageDescription = "Share your health data";
				INFOPLIST_KEY_NSHealthUpdateUsageDescription = "update health";
				INFOPLIST_KEY_UIApplicationSupportsIndirectInputEvents = YES;
				INFOPLIST_KEY_UILaunchStoryboardName = LaunchScreen.storyboard;
				INFOPLIST_KEY_UIStatusBarStyle = UIStatusBarStyleDarkContent;
				INFOPLIST_KEY_UISupportedInterfaceOrientations = UIInterfaceOrientationPortrait;
				INFOPLIST_KEY_UIUserInterfaceStyle = Light;
				LD_RUNPATH_SEARCH_PATHS = (
					"$(inherited)",
					"@executable_path/Frameworks",
				);
				MARKETING_VERSION = 1.0;
				PRODUCT_BUNDLE_IDENTIFIER = com.wholesomeapps.runwithfriends;
				PRODUCT_NAME = "$(TARGET_NAME)";
				PROVISIONING_PROFILE_SPECIFIER = "";
				SUPPORTED_PLATFORMS = "iphoneos iphonesimulator";
				SUPPORTS_MACCATALYST = NO;
				SUPPORTS_MAC_DESIGNED_FOR_IPHONE_IPAD = NO;
				SWIFT_EMIT_LOC_STRINGS = YES;
				SWIFT_VERSION = 5.0;
				TARGETED_DEVICE_FAMILY = 1;
			};
			name = Debug;
		};
		952825C92AE1F74E0032B04B /* Release */ = {
			isa = XCBuildConfiguration;
			buildSettings = {
				ASSETCATALOG_COMPILER_APPICON_NAME = AppIcon;
				ASSETCATALOG_COMPILER_GLOBAL_ACCENT_COLOR_NAME = Moss;
				ASSETCATALOG_COMPILER_INCLUDE_ALL_APPICON_ASSETS = NO;
				CODE_SIGN_ENTITLEMENTS = runwithfriends/runwithfriends.entitlements;
				CODE_SIGN_IDENTITY = "Apple Development";
				CODE_SIGN_STYLE = Automatic;
				CURRENT_PROJECT_VERSION = 22;
				DEVELOPMENT_TEAM = T4CL79J5Y8;
				GENERATE_INFOPLIST_FILE = YES;
				INFOPLIST_FILE = runwithfriends/Info.plist;
				INFOPLIST_KEY_CFBundleDisplayName = RunFriends;
				INFOPLIST_KEY_NSHealthClinicalHealthRecordsShareUsageDescription = "Using your health data";
				INFOPLIST_KEY_NSHealthShareUsageDescription = "Share your health data";
				INFOPLIST_KEY_NSHealthUpdateUsageDescription = "update health";
				INFOPLIST_KEY_UIApplicationSupportsIndirectInputEvents = YES;
				INFOPLIST_KEY_UILaunchStoryboardName = LaunchScreen.storyboard;
				INFOPLIST_KEY_UIStatusBarStyle = UIStatusBarStyleDarkContent;
				INFOPLIST_KEY_UISupportedInterfaceOrientations = UIInterfaceOrientationPortrait;
				INFOPLIST_KEY_UIUserInterfaceStyle = Light;
				LD_RUNPATH_SEARCH_PATHS = (
					"$(inherited)",
					"@executable_path/Frameworks",
				);
				MARKETING_VERSION = 1.0;
				PRODUCT_BUNDLE_IDENTIFIER = com.wholesomeapps.runwithfriends;
				PRODUCT_NAME = "$(TARGET_NAME)";
				PROVISIONING_PROFILE_SPECIFIER = "";
				SUPPORTED_PLATFORMS = "iphoneos iphonesimulator";
				SUPPORTS_MACCATALYST = NO;
				SUPPORTS_MAC_DESIGNED_FOR_IPHONE_IPAD = NO;
				SWIFT_EMIT_LOC_STRINGS = YES;
				SWIFT_VERSION = 5.0;
				TARGETED_DEVICE_FAMILY = 1;
			};
			name = Release;
		};
/* End XCBuildConfiguration section */

/* Begin XCConfigurationList section */
		952825AB2AE1F74D0032B04B /* Build configuration list for PBXProject "runwithfriends" */ = {
			isa = XCConfigurationList;
			buildConfigurations = (
				952825C52AE1F74E0032B04B /* Debug */,
				952825C62AE1F74E0032B04B /* Release */,
			);
			defaultConfigurationIsVisible = 0;
			defaultConfigurationName = Release;
		};
		952825C72AE1F74E0032B04B /* Build configuration list for PBXNativeTarget "runwithfriends" */ = {
			isa = XCConfigurationList;
			buildConfigurations = (
				952825C82AE1F74E0032B04B /* Debug */,
				952825C92AE1F74E0032B04B /* Release */,
			);
			defaultConfigurationIsVisible = 0;
			defaultConfigurationName = Release;
		};
/* End XCConfigurationList section */

/* Begin XCRemoteSwiftPackageReference section */
		2585086F2B2BCEB8005FD81F /* XCRemoteSwiftPackageReference "SkeletonView" */ = {
			isa = XCRemoteSwiftPackageReference;
			repositoryURL = "git@github.com:Juanpe/SkeletonView.git";
			requirement = {
				kind = upToNextMajorVersion;
				minimumVersion = 1.30.4;
			};
		};
		951D1A632B32675F00171C62 /* XCRemoteSwiftPackageReference "supabase-swift" */ = {
			isa = XCRemoteSwiftPackageReference;
			repositoryURL = "https://github.com/supabase-community/supabase-swift.git";
			requirement = {
				kind = upToNextMajorVersion;
				minimumVersion = 2.1.0;
			};
		};
/* End XCRemoteSwiftPackageReference section */

/* Begin XCSwiftPackageProductDependency section */
		258508702B2BCEB8005FD81F /* SkeletonView */ = {
			isa = XCSwiftPackageProductDependency;
			package = 2585086F2B2BCEB8005FD81F /* XCRemoteSwiftPackageReference "SkeletonView" */;
			productName = SkeletonView;
		};
		951D1A642B32675F00171C62 /* Auth */ = {
			isa = XCSwiftPackageProductDependency;
			package = 951D1A632B32675F00171C62 /* XCRemoteSwiftPackageReference "supabase-swift" */;
			productName = Auth;
		};
		951D1A662B32675F00171C62 /* Functions */ = {
			isa = XCSwiftPackageProductDependency;
			package = 951D1A632B32675F00171C62 /* XCRemoteSwiftPackageReference "supabase-swift" */;
			productName = Functions;
		};
		951D1A682B32675F00171C62 /* PostgREST */ = {
			isa = XCSwiftPackageProductDependency;
			package = 951D1A632B32675F00171C62 /* XCRemoteSwiftPackageReference "supabase-swift" */;
			productName = PostgREST;
		};
		951D1A6A2B32675F00171C62 /* Realtime */ = {
			isa = XCSwiftPackageProductDependency;
			package = 951D1A632B32675F00171C62 /* XCRemoteSwiftPackageReference "supabase-swift" */;
			productName = Realtime;
		};
		951D1A6C2B32675F00171C62 /* Storage */ = {
			isa = XCSwiftPackageProductDependency;
			package = 951D1A632B32675F00171C62 /* XCRemoteSwiftPackageReference "supabase-swift" */;
			productName = Storage;
		};
		951D1A6E2B32675F00171C62 /* Supabase */ = {
			isa = XCSwiftPackageProductDependency;
			package = 951D1A632B32675F00171C62 /* XCRemoteSwiftPackageReference "supabase-swift" */;
			productName = Supabase;
		};
/* End XCSwiftPackageProductDependency section */

/* Begin XCVersionGroup section */
		952825BC2AE1F74D0032B04B /* runwithfriends.xcdatamodeld */ = {
			isa = XCVersionGroup;
			children = (
				952825BD2AE1F74D0032B04B /* runwithfriends.xcdatamodel */,
			);
			currentVersion = 952825BD2AE1F74D0032B04B /* runwithfriends.xcdatamodel */;
			path = runwithfriends.xcdatamodeld;
			sourceTree = "<group>";
			versionGroupType = wrapper.xcdatamodel;
		};
/* End XCVersionGroup section */
	};
	rootObject = 952825A82AE1F74D0032B04B /* Project object */;
}
